// !$*UTF8*$!
{
	archiveVersion = 1;
	classes = {
	};
	objectVersion = 46;
	objects = {

/* Begin PBXBuildFile section */
		65A184ABE0EB0640D12A2B4E /* Pods_EnglishCommunity_swift.framework in Frameworks */ = {isa = PBXBuildFile; fileRef = 78E45BF72C3100A5F6F08F5E /* Pods_EnglishCommunity_swift.framework */; };
		B20007BB1D4F9211006DA9B0 /* VideoToolbox.framework in Frameworks */ = {isa = PBXBuildFile; fileRef = B20007BA1D4F9211006DA9B0 /* VideoToolbox.framework */; };
		B20007BD1D4F921D006DA9B0 /* OpenGLES.framework in Frameworks */ = {isa = PBXBuildFile; fileRef = B20007BC1D4F921D006DA9B0 /* OpenGLES.framework */; };
		B20007BF1D4F9226006DA9B0 /* MobileCoreServices.framework in Frameworks */ = {isa = PBXBuildFile; fileRef = B20007BE1D4F9226006DA9B0 /* MobileCoreServices.framework */; };
		B20007C11D4F9233006DA9B0 /* MediaPlayer.framework in Frameworks */ = {isa = PBXBuildFile; fileRef = B20007C01D4F9233006DA9B0 /* MediaPlayer.framework */; };
		B20007C31D4F9239006DA9B0 /* CoreVideo.framework in Frameworks */ = {isa = PBXBuildFile; fileRef = B20007C21D4F9239006DA9B0 /* CoreVideo.framework */; };
		B20007C51D4F9240006DA9B0 /* CoreMedia.framework in Frameworks */ = {isa = PBXBuildFile; fileRef = B20007C41D4F9240006DA9B0 /* CoreMedia.framework */; };
		B20007C71D4F9249006DA9B0 /* CoreGraphics.framework in Frameworks */ = {isa = PBXBuildFile; fileRef = B20007C61D4F9249006DA9B0 /* CoreGraphics.framework */; };
		B20007C91D4F9250006DA9B0 /* QuartzCore.framework in Frameworks */ = {isa = PBXBuildFile; fileRef = B20007C81D4F9250006DA9B0 /* QuartzCore.framework */; };
		B20007CB1D4F9256006DA9B0 /* AVFoundation.framework in Frameworks */ = {isa = PBXBuildFile; fileRef = B20007CA1D4F9256006DA9B0 /* AVFoundation.framework */; };
		B20007CD1D4F925E006DA9B0 /* AudioToolbox.framework in Frameworks */ = {isa = PBXBuildFile; fileRef = B20007CC1D4F925E006DA9B0 /* AudioToolbox.framework */; };
		B20007CF1D4F9266006DA9B0 /* libbz2.tbd in Frameworks */ = {isa = PBXBuildFile; fileRef = B20007CE1D4F9266006DA9B0 /* libbz2.tbd */; };
		B20007D11D4F926C006DA9B0 /* libz.tbd in Frameworks */ = {isa = PBXBuildFile; fileRef = B20007D01D4F926C006DA9B0 /* libz.tbd */; };
		B213E3DE1D54BCF100589058 /* JFCategoryViewController.swift in Sources */ = {isa = PBXBuildFile; fileRef = B213E3DD1D54BCF100589058 /* JFCategoryViewController.swift */; };
		B213E3EA1D54D40A00589058 /* JFCategoriesCell.swift in Sources */ = {isa = PBXBuildFile; fileRef = B213E3E11D54D40A00589058 /* JFCategoriesCell.swift */; };
		B213E3EB1D54D40A00589058 /* JFCategoriesCellItem.swift in Sources */ = {isa = PBXBuildFile; fileRef = B213E3E21D54D40A00589058 /* JFCategoriesCellItem.swift */; };
		B213E3EC1D54D40A00589058 /* JFCategoriesCellItem.xib in Resources */ = {isa = PBXBuildFile; fileRef = B213E3E31D54D40A00589058 /* JFCategoriesCellItem.xib */; };
		B213E3ED1D54D40A00589058 /* JFHomeCell.swift in Sources */ = {isa = PBXBuildFile; fileRef = B213E3E51D54D40A00589058 /* JFHomeCell.swift */; };
		B213E3EE1D54D40A00589058 /* JFHomeCellItem.swift in Sources */ = {isa = PBXBuildFile; fileRef = B213E3E61D54D40A00589058 /* JFHomeCellItem.swift */; };
		B213E3EF1D54D40A00589058 /* JFHomeCellItem.xib in Resources */ = {isa = PBXBuildFile; fileRef = B213E3E71D54D40A00589058 /* JFHomeCellItem.xib */; };
		B213E3F01D54D40A00589058 /* JFHomeSectionHeaderView.swift in Sources */ = {isa = PBXBuildFile; fileRef = B213E3E81D54D40A00589058 /* JFHomeSectionHeaderView.swift */; };
		B213E3F11D54D40A00589058 /* JFHomeSectionHeaderView.xib in Resources */ = {isa = PBXBuildFile; fileRef = B213E3E91D54D40A00589058 /* JFHomeSectionHeaderView.xib */; };
		B213E3F31D54D45B00589058 /* JFPlayerViewController.swift in Sources */ = {isa = PBXBuildFile; fileRef = B213E3F21D54D45B00589058 /* JFPlayerViewController.swift */; };
		B21436391D551BE300F201AF /* JFTopBarView.swift in Sources */ = {isa = PBXBuildFile; fileRef = B21436381D551BE300F201AF /* JFTopBarView.swift */; };
		B214363B1D551BEB00F201AF /* JFTopBarView.xib in Resources */ = {isa = PBXBuildFile; fileRef = B214363A1D551BEB00F201AF /* JFTopBarView.xib */; };
		B214650A1D5B4EC200C5EDFD /* JFTestViewController.swift in Sources */ = {isa = PBXBuildFile; fileRef = B21465091D5B4EC200C5EDFD /* JFTestViewController.swift */; };
		B21501BC1D53616A005E4670 /* AppDelegate.swift in Sources */ = {isa = PBXBuildFile; fileRef = B21501BB1D53616A005E4670 /* AppDelegate.swift */; };
		B21501CE1D53668B005E4670 /* Config.swift in Sources */ = {isa = PBXBuildFile; fileRef = B21501CD1D53668B005E4670 /* Config.swift */; };
		B21501D11D536697005E4670 /* UIBarButtionItem.swift in Sources */ = {isa = PBXBuildFile; fileRef = B21501CF1D536697005E4670 /* UIBarButtionItem.swift */; };
		B21501D21D536697005E4670 /* UIViewExtension.swift in Sources */ = {isa = PBXBuildFile; fileRef = B21501D01D536697005E4670 /* UIViewExtension.swift */; };
		B21501D51D5366A4005E4670 /* JFNetworkTools.swift in Sources */ = {isa = PBXBuildFile; fileRef = B21501D31D5366A4005E4670 /* JFNetworkTools.swift */; };
		B21501D61D5366A4005E4670 /* JFProgressHUD.swift in Sources */ = {isa = PBXBuildFile; fileRef = B21501D41D5366A4005E4670 /* JFProgressHUD.swift */; };
		B21501D91D5366C2005E4670 /* JFNavigationController.swift in Sources */ = {isa = PBXBuildFile; fileRef = B21501D71D5366C2005E4670 /* JFNavigationController.swift */; };
		B21501DA1D5366C2005E4670 /* JFTabBarController.swift in Sources */ = {isa = PBXBuildFile; fileRef = B21501D81D5366C2005E4670 /* JFTabBarController.swift */; };
		B21501DC1D5366CB005E4670 /* JFTabBar.swift in Sources */ = {isa = PBXBuildFile; fileRef = B21501DB1D5366CB005E4670 /* JFTabBar.swift */; };
		B21501DE1D536800005E4670 /* JFHomeViewController.swift in Sources */ = {isa = PBXBuildFile; fileRef = B21501DD1D536800005E4670 /* JFHomeViewController.swift */; };
		B2190B081D4F85C4007FC0E9 /* Assets.xcassets in Resources */ = {isa = PBXBuildFile; fileRef = B2190B071D4F85C4007FC0E9 /* Assets.xcassets */; };
		B2190B0B1D4F85C4007FC0E9 /* LaunchScreen.storyboard in Resources */ = {isa = PBXBuildFile; fileRef = B2190B091D4F85C4007FC0E9 /* LaunchScreen.storyboard */; };
		B2224BF11D5592BE005CEAE4 /* JFDetailHeaderView.swift in Sources */ = {isa = PBXBuildFile; fileRef = B2224BF01D5592BE005CEAE4 /* JFDetailHeaderView.swift */; };
		B2224BF51D55A20C005CEAE4 /* JFDetailHeaderButton.swift in Sources */ = {isa = PBXBuildFile; fileRef = B2224BF41D55A20C005CEAE4 /* JFDetailHeaderButton.swift */; };
		B2224BF81D55A4FD005CEAE4 /* JFDetailVideoCell.swift in Sources */ = {isa = PBXBuildFile; fileRef = B2224BF61D55A4FD005CEAE4 /* JFDetailVideoCell.swift */; };
		B2224BF91D55A4FD005CEAE4 /* JFDetailVideoCell.xib in Resources */ = {isa = PBXBuildFile; fileRef = B2224BF71D55A4FD005CEAE4 /* JFDetailVideoCell.xib */; };
		B238B40E1D5D991400E4307A /* JFGrammarViewController.swift in Sources */ = {isa = PBXBuildFile; fileRef = B238B40B1D5D991400E4307A /* JFGrammarViewController.swift */; };
		B238B4121D5D9B2700E4307A /* JFGrammar.swift in Sources */ = {isa = PBXBuildFile; fileRef = B238B4111D5D9B2700E4307A /* JFGrammar.swift */; };
		B238B4141D5DBBBB00E4307A /* JFGrammarListCell.swift in Sources */ = {isa = PBXBuildFile; fileRef = B238B4131D5DBBBB00E4307A /* JFGrammarListCell.swift */; };
		B238B4161D5DBD4A00E4307A /* JFGrammarDetailViewController.swift in Sources */ = {isa = PBXBuildFile; fileRef = B238B4151D5DBD4A00E4307A /* JFGrammarDetailViewController.swift */; };
		B249AE221D60280F005C0A41 /* JFPublishViewController.swift in Sources */ = {isa = PBXBuildFile; fileRef = B249AE211D60280F005C0A41 /* JFPublishViewController.swift */; };
		B249AE311D607D41005C0A41 /* JFTweetsDetailViewController.swift in Sources */ = {isa = PBXBuildFile; fileRef = B249AE251D607D41005C0A41 /* JFTweetsDetailViewController.swift */; };
		B249AE321D607D41005C0A41 /* JFTweetsViewController.swift in Sources */ = {isa = PBXBuildFile; fileRef = B249AE261D607D41005C0A41 /* JFTweetsViewController.swift */; };
		B249AE331D607D41005C0A41 /* JFComment.swift in Sources */ = {isa = PBXBuildFile; fileRef = B249AE281D607D41005C0A41 /* JFComment.swift */; };
		B249AE341D607D41005C0A41 /* JFTweets.swift in Sources */ = {isa = PBXBuildFile; fileRef = B249AE291D607D41005C0A41 /* JFTweets.swift */; };
		B249AE351D607D41005C0A41 /* JFCommentCell.swift in Sources */ = {isa = PBXBuildFile; fileRef = B249AE2B1D607D41005C0A41 /* JFCommentCell.swift */; };
		B249AE361D607D41005C0A41 /* JFCommentCell.xib in Resources */ = {isa = PBXBuildFile; fileRef = B249AE2C1D607D41005C0A41 /* JFCommentCell.xib */; };
		B249AE371D607D41005C0A41 /* JFTweetsDetailHeaderView.swift in Sources */ = {isa = PBXBuildFile; fileRef = B249AE2D1D607D41005C0A41 /* JFTweetsDetailHeaderView.swift */; };
		B249AE391D607D41005C0A41 /* JFTweetsListCell.swift in Sources */ = {isa = PBXBuildFile; fileRef = B249AE2F1D607D41005C0A41 /* JFTweetsListCell.swift */; };
		B249AE3E1D60AC79005C0A41 /* JFTweetsPictureView.swift in Sources */ = {isa = PBXBuildFile; fileRef = B249AE3D1D60AC79005C0A41 /* JFTweetsPictureView.swift */; };
		B2512A6B1D54394000476D0E /* JFVideoCategory.swift in Sources */ = {isa = PBXBuildFile; fileRef = B2512A6A1D54394000476D0E /* JFVideoCategory.swift */; };
		B2512A6D1D54396700476D0E /* JFVideoInfo.swift in Sources */ = {isa = PBXBuildFile; fileRef = B2512A6C1D54396700476D0E /* JFVideoInfo.swift */; };
		B2512A6F1D5439C800476D0E /* Api.swift in Sources */ = {isa = PBXBuildFile; fileRef = B2512A6E1D5439C800476D0E /* Api.swift */; };
		B2512A731D54426B00476D0E /* JFVideo.swift in Sources */ = {isa = PBXBuildFile; fileRef = B2512A721D54426B00476D0E /* JFVideo.swift */; };
		B285F5081D5AFB69004F23A6 /* JFFPSLabel.swift in Sources */ = {isa = PBXBuildFile; fileRef = B285F5071D5AFB69004F23A6 /* JFFPSLabel.swift */; };
		B28D93F81D534AA700128D20 /* IJKMediaFramework.framework in Frameworks */ = {isa = PBXBuildFile; fileRef = B28D93DF1D534AA700128D20 /* IJKMediaFramework.framework */; };
		B28D93F91D534AA700128D20 /* JFPlayer_back@2x.png in Resources */ = {isa = PBXBuildFile; fileRef = B28D93E11D534AA700128D20 /* JFPlayer_back@2x.png */; };
		B28D93FA1D534AA700128D20 /* JFPlayer_back@3x.png in Resources */ = {isa = PBXBuildFile; fileRef = B28D93E21D534AA700128D20 /* JFPlayer_back@3x.png */; };
		B28D93FB1D534AA700128D20 /* JFPlayer_fullscreen@2x.png in Resources */ = {isa = PBXBuildFile; fileRef = B28D93E31D534AA700128D20 /* JFPlayer_fullscreen@2x.png */; };
		B28D93FC1D534AA700128D20 /* JFPlayer_fullscreen@3x.png in Resources */ = {isa = PBXBuildFile; fileRef = B28D93E41D534AA700128D20 /* JFPlayer_fullscreen@3x.png */; };
		B28D93FD1D534AA700128D20 /* JFPlayer_mask_image@2x.png in Resources */ = {isa = PBXBuildFile; fileRef = B28D93E51D534AA700128D20 /* JFPlayer_mask_image@2x.png */; };
		B28D93FE1D534AA700128D20 /* JFPlayer_mask_image@3x.png in Resources */ = {isa = PBXBuildFile; fileRef = B28D93E61D534AA700128D20 /* JFPlayer_mask_image@3x.png */; };
		B28D93FF1D534AA700128D20 /* JFPlayer_pause@2x.png in Resources */ = {isa = PBXBuildFile; fileRef = B28D93E71D534AA700128D20 /* JFPlayer_pause@2x.png */; };
		B28D94001D534AA700128D20 /* JFPlayer_pause@3x.png in Resources */ = {isa = PBXBuildFile; fileRef = B28D93E81D534AA700128D20 /* JFPlayer_pause@3x.png */; };
		B28D94011D534AA700128D20 /* JFPlayer_play@2x.png in Resources */ = {isa = PBXBuildFile; fileRef = B28D93E91D534AA700128D20 /* JFPlayer_play@2x.png */; };
		B28D94021D534AA700128D20 /* JFPlayer_play@3x.png in Resources */ = {isa = PBXBuildFile; fileRef = B28D93EA1D534AA700128D20 /* JFPlayer_play@3x.png */; };
		B28D94031D534AA700128D20 /* JFPlayer_portialscreen@2x.png in Resources */ = {isa = PBXBuildFile; fileRef = B28D93EB1D534AA700128D20 /* JFPlayer_portialscreen@2x.png */; };
		B28D94041D534AA700128D20 /* JFPlayer_portialscreen@3x.png in Resources */ = {isa = PBXBuildFile; fileRef = B28D93EC1D534AA700128D20 /* JFPlayer_portialscreen@3x.png */; };
		B28D94051D534AA700128D20 /* JFPlayer_replay@2x.png in Resources */ = {isa = PBXBuildFile; fileRef = B28D93ED1D534AA700128D20 /* JFPlayer_replay@2x.png */; };
		B28D94061D534AA700128D20 /* JFPlayer_replay@3x.png in Resources */ = {isa = PBXBuildFile; fileRef = B28D93EE1D534AA700128D20 /* JFPlayer_replay@3x.png */; };
		B28D94071D534AA700128D20 /* JFPlayer_seek_to_image@2x.png in Resources */ = {isa = PBXBuildFile; fileRef = B28D93EF1D534AA700128D20 /* JFPlayer_seek_to_image@2x.png */; };
		B28D94081D534AA700128D20 /* JFPlayer_seek_to_image@3x.png in Resources */ = {isa = PBXBuildFile; fileRef = B28D93F01D534AA700128D20 /* JFPlayer_seek_to_image@3x.png */; };
		B28D94091D534AA700128D20 /* JFPlayer_slider_thumb@2x.png in Resources */ = {isa = PBXBuildFile; fileRef = B28D93F11D534AA700128D20 /* JFPlayer_slider_thumb@2x.png */; };
		B28D940A1D534AA700128D20 /* JFPlayer_slider_thumb@3x.png in Resources */ = {isa = PBXBuildFile; fileRef = B28D93F21D534AA700128D20 /* JFPlayer_slider_thumb@3x.png */; };
		B28D940B1D534AA700128D20 /* JFPlayer.swift in Sources */ = {isa = PBXBuildFile; fileRef = B28D93F31D534AA700128D20 /* JFPlayer.swift */; };
		B28D940C1D534AA700128D20 /* JFPlayerClearityChooseButton.swift in Sources */ = {isa = PBXBuildFile; fileRef = B28D93F41D534AA700128D20 /* JFPlayerClearityChooseButton.swift */; };
		B28D940D1D534AA700128D20 /* JFPlayerControlView.swift in Sources */ = {isa = PBXBuildFile; fileRef = B28D93F51D534AA700128D20 /* JFPlayerControlView.swift */; };
		B28D940E1D534AA700128D20 /* JFPlayerItem.swift in Sources */ = {isa = PBXBuildFile; fileRef = B28D93F61D534AA700128D20 /* JFPlayerItem.swift */; };
		B28D940F1D534AA700128D20 /* JFPlayerManager.swift in Sources */ = {isa = PBXBuildFile; fileRef = B28D93F71D534AA700128D20 /* JFPlayerManager.swift */; };
		B2B770F91D61689E0042AA5E /* JFPhotoBrowserDismissAnimation.swift in Sources */ = {isa = PBXBuildFile; fileRef = B2B770F31D61689E0042AA5E /* JFPhotoBrowserDismissAnimation.swift */; };
		B2B770FA1D61689E0042AA5E /* JFPhotoBrowserModalAnimation.swift in Sources */ = {isa = PBXBuildFile; fileRef = B2B770F41D61689E0042AA5E /* JFPhotoBrowserModalAnimation.swift */; };
		B2B770FB1D61689E0042AA5E /* JFImageView.swift in Sources */ = {isa = PBXBuildFile; fileRef = B2B770F51D61689E0042AA5E /* JFImageView.swift */; };
		B2B770FC1D61689E0042AA5E /* JFPhotoBrowserCell.swift in Sources */ = {isa = PBXBuildFile; fileRef = B2B770F61D61689E0042AA5E /* JFPhotoBrowserCell.swift */; };
		B2B770FD1D61689E0042AA5E /* JFPhotoBrowserModel.swift in Sources */ = {isa = PBXBuildFile; fileRef = B2B770F71D61689E0042AA5E /* JFPhotoBrowserModel.swift */; };
		B2B770FE1D61689E0042AA5E /* JFPhotoBrowserViewController.swift in Sources */ = {isa = PBXBuildFile; fileRef = B2B770F81D61689E0042AA5E /* JFPhotoBrowserViewController.swift */; };
		B2FC66B41D5C15DF0032703D /* JFCollectionTableViewController.swift in Sources */ = {isa = PBXBuildFile; fileRef = B2FC668C1D5C15DF0032703D /* JFCollectionTableViewController.swift */; };
		B2FC66B51D5C15DF0032703D /* JFCommentListTableViewController.swift in Sources */ = {isa = PBXBuildFile; fileRef = B2FC668E1D5C15DF0032703D /* JFCommentListTableViewController.swift */; };
		B2FC66B61D5C15DF0032703D /* JFForgotViewController.swift in Sources */ = {isa = PBXBuildFile; fileRef = B2FC66901D5C15DF0032703D /* JFForgotViewController.swift */; };
		B2FC66B81D5C15DF0032703D /* JFEditProfileViewController.swift in Sources */ = {isa = PBXBuildFile; fileRef = B2FC66931D5C15DF0032703D /* JFEditProfileViewController.swift */; };
		B2FC66B91D5C15DF0032703D /* JFModifyInfoTableViewController.swift in Sources */ = {isa = PBXBuildFile; fileRef = B2FC66941D5C15DF0032703D /* JFModifyInfoTableViewController.swift */; };
		B2FC66BA1D5C15DF0032703D /* JFModifySafeTableViewController.swift in Sources */ = {isa = PBXBuildFile; fileRef = B2FC66951D5C15DF0032703D /* JFModifySafeTableViewController.swift */; };
		B2FC66BB1D5C15DF0032703D /* JFAboutMeViewController.swift in Sources */ = {isa = PBXBuildFile; fileRef = B2FC66961D5C15DF0032703D /* JFAboutMeViewController.swift */; };
		B2FC66BC1D5C15DF0032703D /* JFBaseTableViewController.swift in Sources */ = {isa = PBXBuildFile; fileRef = B2FC66971D5C15DF0032703D /* JFBaseTableViewController.swift */; };
		B2FC66BD1D5C15DF0032703D /* JFDutyViewController.swift in Sources */ = {isa = PBXBuildFile; fileRef = B2FC66981D5C15DF0032703D /* JFDutyViewController.swift */; };
		B2FC66BE1D5C15DF0032703D /* JFProfileFeedbackViewController.swift in Sources */ = {isa = PBXBuildFile; fileRef = B2FC66991D5C15DF0032703D /* JFProfileFeedbackViewController.swift */; };
		B2FC66C01D5C15DF0032703D /* JFProfileViewController.swift in Sources */ = {isa = PBXBuildFile; fileRef = B2FC669B1D5C15DF0032703D /* JFProfileViewController.swift */; };
		B2FC66C11D5C15DF0032703D /* JFLoginViewController.swift in Sources */ = {isa = PBXBuildFile; fileRef = B2FC669D1D5C15DF0032703D /* JFLoginViewController.swift */; };
		B2FC66C31D5C15DF0032703D /* JFRegisterViewController.swift in Sources */ = {isa = PBXBuildFile; fileRef = B2FC66A01D5C15DF0032703D /* JFRegisterViewController.swift */; };
		B2FC66C51D5C15DF0032703D /* JFCollectionModel.swift in Sources */ = {isa = PBXBuildFile; fileRef = B2FC66A41D5C15DF0032703D /* JFCollectionModel.swift */; };
		B2FC66C61D5C15DF0032703D /* JFUserCommentModel.swift in Sources */ = {isa = PBXBuildFile; fileRef = B2FC66A61D5C15DF0032703D /* JFUserCommentModel.swift */; };
		B2FC66C71D5C15DF0032703D /* JFProfileCellArrowModel.swift in Sources */ = {isa = PBXBuildFile; fileRef = B2FC66A71D5C15DF0032703D /* JFProfileCellArrowModel.swift */; };
		B2FC66C81D5C15DF0032703D /* JFProfileCellGroupModel.swift in Sources */ = {isa = PBXBuildFile; fileRef = B2FC66A81D5C15DF0032703D /* JFProfileCellGroupModel.swift */; };
		B2FC66C91D5C15DF0032703D /* JFProfileCellLabelModel.swift in Sources */ = {isa = PBXBuildFile; fileRef = B2FC66A91D5C15DF0032703D /* JFProfileCellLabelModel.swift */; };
		B2FC66CA1D5C15DF0032703D /* JFProfileCellModel.swift in Sources */ = {isa = PBXBuildFile; fileRef = B2FC66AA1D5C15DF0032703D /* JFProfileCellModel.swift */; };
		B2FC66CB1D5C15DF0032703D /* JFProfileCellSwitchModel.swift in Sources */ = {isa = PBXBuildFile; fileRef = B2FC66AB1D5C15DF0032703D /* JFProfileCellSwitchModel.swift */; };
		B2FC66CC1D5C15DF0032703D /* JFInfoHeaderView.swift in Sources */ = {isa = PBXBuildFile; fileRef = B2FC66AE1D5C15DF0032703D /* JFInfoHeaderView.swift */; };
		B2FC66CE1D5C15DF0032703D /* JFProfileCell.swift in Sources */ = {isa = PBXBuildFile; fileRef = B2FC66B01D5C15DF0032703D /* JFProfileCell.swift */; };
		B2FC66CF1D5C15DF0032703D /* JFProfileHeaderView.swift in Sources */ = {isa = PBXBuildFile; fileRef = B2FC66B11D5C15DF0032703D /* JFProfileHeaderView.swift */; };
		B2FC66D01D5C15DF0032703D /* JFProfileHeaderView.xib in Resources */ = {isa = PBXBuildFile; fileRef = B2FC66B21D5C15DF0032703D /* JFProfileHeaderView.xib */; };
		B2FC66D11D5C15DF0032703D /* JFProfileTopButton.swift in Sources */ = {isa = PBXBuildFile; fileRef = B2FC66B31D5C15DF0032703D /* JFProfileTopButton.swift */; };
		B2FC66D31D5C167E0032703D /* JFAccountModel.swift in Sources */ = {isa = PBXBuildFile; fileRef = B2FC66D21D5C167E0032703D /* JFAccountModel.swift */; };
		B2FC66D61D5C16EA0032703D /* StringExtension.swift in Sources */ = {isa = PBXBuildFile; fileRef = B2FC66D41D5C16EA0032703D /* StringExtension.swift */; };
		B2FC66D71D5C16EA0032703D /* UIImageExtension.swift in Sources */ = {isa = PBXBuildFile; fileRef = B2FC66D51D5C16EA0032703D /* UIImageExtension.swift */; };
		B2FC66D91D5C268B0032703D /* JFLoginViewController.xib in Resources */ = {isa = PBXBuildFile; fileRef = B2FC66D81D5C268B0032703D /* JFLoginViewController.xib */; };
		B2FC66DB1D5C26910032703D /* JFRegisterViewController.xib in Resources */ = {isa = PBXBuildFile; fileRef = B2FC66DA1D5C26910032703D /* JFRegisterViewController.xib */; };
		B2FC66DD1D5C2EA10032703D /* JFForgotViewController.xib in Resources */ = {isa = PBXBuildFile; fileRef = B2FC66DC1D5C2EA10032703D /* JFForgotViewController.xib */; };
		B2FC66E11D5C67510032703D /* NSDateExtension.swift in Sources */ = {isa = PBXBuildFile; fileRef = B2FC66E01D5C67510032703D /* NSDateExtension.swift */; };
/* End PBXBuildFile section */

/* Begin PBXFileReference section */
		516DACE58489A1F72B519807 /* Pods-EnglishCommunity-swift.release.xcconfig */ = {isa = PBXFileReference; includeInIndex = 1; lastKnownFileType = text.xcconfig; name = "Pods-EnglishCommunity-swift.release.xcconfig"; path = "Pods/Target Support Files/Pods-EnglishCommunity-swift/Pods-EnglishCommunity-swift.release.xcconfig"; sourceTree = "<group>"; };
		78E45BF72C3100A5F6F08F5E /* Pods_EnglishCommunity_swift.framework */ = {isa = PBXFileReference; explicitFileType = wrapper.framework; includeInIndex = 0; path = Pods_EnglishCommunity_swift.framework; sourceTree = BUILT_PRODUCTS_DIR; };
		99A939157BA8A50076C427E7 /* Pods-EnglishCommunity-swift.debug.xcconfig */ = {isa = PBXFileReference; includeInIndex = 1; lastKnownFileType = text.xcconfig; name = "Pods-EnglishCommunity-swift.debug.xcconfig"; path = "Pods/Target Support Files/Pods-EnglishCommunity-swift/Pods-EnglishCommunity-swift.debug.xcconfig"; sourceTree = "<group>"; };
		B20007BA1D4F9211006DA9B0 /* VideoToolbox.framework */ = {isa = PBXFileReference; lastKnownFileType = wrapper.framework; name = VideoToolbox.framework; path = System/Library/Frameworks/VideoToolbox.framework; sourceTree = SDKROOT; };
		B20007BC1D4F921D006DA9B0 /* OpenGLES.framework */ = {isa = PBXFileReference; lastKnownFileType = wrapper.framework; name = OpenGLES.framework; path = System/Library/Frameworks/OpenGLES.framework; sourceTree = SDKROOT; };
		B20007BE1D4F9226006DA9B0 /* MobileCoreServices.framework */ = {isa = PBXFileReference; lastKnownFileType = wrapper.framework; name = MobileCoreServices.framework; path = System/Library/Frameworks/MobileCoreServices.framework; sourceTree = SDKROOT; };
		B20007C01D4F9233006DA9B0 /* MediaPlayer.framework */ = {isa = PBXFileReference; lastKnownFileType = wrapper.framework; name = MediaPlayer.framework; path = System/Library/Frameworks/MediaPlayer.framework; sourceTree = SDKROOT; };
		B20007C21D4F9239006DA9B0 /* CoreVideo.framework */ = {isa = PBXFileReference; lastKnownFileType = wrapper.framework; name = CoreVideo.framework; path = System/Library/Frameworks/CoreVideo.framework; sourceTree = SDKROOT; };
		B20007C41D4F9240006DA9B0 /* CoreMedia.framework */ = {isa = PBXFileReference; lastKnownFileType = wrapper.framework; name = CoreMedia.framework; path = System/Library/Frameworks/CoreMedia.framework; sourceTree = SDKROOT; };
		B20007C61D4F9249006DA9B0 /* CoreGraphics.framework */ = {isa = PBXFileReference; lastKnownFileType = wrapper.framework; name = CoreGraphics.framework; path = System/Library/Frameworks/CoreGraphics.framework; sourceTree = SDKROOT; };
		B20007C81D4F9250006DA9B0 /* QuartzCore.framework */ = {isa = PBXFileReference; lastKnownFileType = wrapper.framework; name = QuartzCore.framework; path = System/Library/Frameworks/QuartzCore.framework; sourceTree = SDKROOT; };
		B20007CA1D4F9256006DA9B0 /* AVFoundation.framework */ = {isa = PBXFileReference; lastKnownFileType = wrapper.framework; name = AVFoundation.framework; path = System/Library/Frameworks/AVFoundation.framework; sourceTree = SDKROOT; };
		B20007CC1D4F925E006DA9B0 /* AudioToolbox.framework */ = {isa = PBXFileReference; lastKnownFileType = wrapper.framework; name = AudioToolbox.framework; path = System/Library/Frameworks/AudioToolbox.framework; sourceTree = SDKROOT; };
		B20007CE1D4F9266006DA9B0 /* libbz2.tbd */ = {isa = PBXFileReference; lastKnownFileType = "sourcecode.text-based-dylib-definition"; name = libbz2.tbd; path = usr/lib/libbz2.tbd; sourceTree = SDKROOT; };
		B20007D01D4F926C006DA9B0 /* libz.tbd */ = {isa = PBXFileReference; lastKnownFileType = "sourcecode.text-based-dylib-definition"; name = libz.tbd; path = usr/lib/libz.tbd; sourceTree = SDKROOT; };
		B213E3DD1D54BCF100589058 /* JFCategoryViewController.swift */ = {isa = PBXFileReference; fileEncoding = 4; lastKnownFileType = sourcecode.swift; path = JFCategoryViewController.swift; sourceTree = "<group>"; };
		B213E3E11D54D40A00589058 /* JFCategoriesCell.swift */ = {isa = PBXFileReference; fileEncoding = 4; lastKnownFileType = sourcecode.swift; path = JFCategoriesCell.swift; sourceTree = "<group>"; };
		B213E3E21D54D40A00589058 /* JFCategoriesCellItem.swift */ = {isa = PBXFileReference; fileEncoding = 4; lastKnownFileType = sourcecode.swift; path = JFCategoriesCellItem.swift; sourceTree = "<group>"; };
		B213E3E31D54D40A00589058 /* JFCategoriesCellItem.xib */ = {isa = PBXFileReference; fileEncoding = 4; lastKnownFileType = file.xib; path = JFCategoriesCellItem.xib; sourceTree = "<group>"; };
		B213E3E51D54D40A00589058 /* JFHomeCell.swift */ = {isa = PBXFileReference; fileEncoding = 4; lastKnownFileType = sourcecode.swift; path = JFHomeCell.swift; sourceTree = "<group>"; };
		B213E3E61D54D40A00589058 /* JFHomeCellItem.swift */ = {isa = PBXFileReference; fileEncoding = 4; lastKnownFileType = sourcecode.swift; path = JFHomeCellItem.swift; sourceTree = "<group>"; };
		B213E3E71D54D40A00589058 /* JFHomeCellItem.xib */ = {isa = PBXFileReference; fileEncoding = 4; lastKnownFileType = file.xib; path = JFHomeCellItem.xib; sourceTree = "<group>"; };
		B213E3E81D54D40A00589058 /* JFHomeSectionHeaderView.swift */ = {isa = PBXFileReference; fileEncoding = 4; lastKnownFileType = sourcecode.swift; path = JFHomeSectionHeaderView.swift; sourceTree = "<group>"; };
		B213E3E91D54D40A00589058 /* JFHomeSectionHeaderView.xib */ = {isa = PBXFileReference; fileEncoding = 4; lastKnownFileType = file.xib; path = JFHomeSectionHeaderView.xib; sourceTree = "<group>"; };
		B213E3F21D54D45B00589058 /* JFPlayerViewController.swift */ = {isa = PBXFileReference; fileEncoding = 4; lastKnownFileType = sourcecode.swift; path = JFPlayerViewController.swift; sourceTree = "<group>"; };
		B21436381D551BE300F201AF /* JFTopBarView.swift */ = {isa = PBXFileReference; fileEncoding = 4; lastKnownFileType = sourcecode.swift; path = JFTopBarView.swift; sourceTree = "<group>"; };
		B214363A1D551BEB00F201AF /* JFTopBarView.xib */ = {isa = PBXFileReference; fileEncoding = 4; lastKnownFileType = file.xib; path = JFTopBarView.xib; sourceTree = "<group>"; };
		B21465091D5B4EC200C5EDFD /* JFTestViewController.swift */ = {isa = PBXFileReference; fileEncoding = 4; lastKnownFileType = sourcecode.swift; path = JFTestViewController.swift; sourceTree = "<group>"; };
		B21501BB1D53616A005E4670 /* AppDelegate.swift */ = {isa = PBXFileReference; fileEncoding = 4; lastKnownFileType = sourcecode.swift; path = AppDelegate.swift; sourceTree = "<group>"; };
		B21501CD1D53668B005E4670 /* Config.swift */ = {isa = PBXFileReference; fileEncoding = 4; lastKnownFileType = sourcecode.swift; path = Config.swift; sourceTree = "<group>"; };
		B21501CF1D536697005E4670 /* UIBarButtionItem.swift */ = {isa = PBXFileReference; fileEncoding = 4; lastKnownFileType = sourcecode.swift; path = UIBarButtionItem.swift; sourceTree = "<group>"; };
		B21501D01D536697005E4670 /* UIViewExtension.swift */ = {isa = PBXFileReference; fileEncoding = 4; lastKnownFileType = sourcecode.swift; path = UIViewExtension.swift; sourceTree = "<group>"; };
		B21501D31D5366A4005E4670 /* JFNetworkTools.swift */ = {isa = PBXFileReference; fileEncoding = 4; lastKnownFileType = sourcecode.swift; path = JFNetworkTools.swift; sourceTree = "<group>"; };
		B21501D41D5366A4005E4670 /* JFProgressHUD.swift */ = {isa = PBXFileReference; fileEncoding = 4; lastKnownFileType = sourcecode.swift; path = JFProgressHUD.swift; sourceTree = "<group>"; };
		B21501D71D5366C2005E4670 /* JFNavigationController.swift */ = {isa = PBXFileReference; fileEncoding = 4; lastKnownFileType = sourcecode.swift; path = JFNavigationController.swift; sourceTree = "<group>"; };
		B21501D81D5366C2005E4670 /* JFTabBarController.swift */ = {isa = PBXFileReference; fileEncoding = 4; lastKnownFileType = sourcecode.swift; path = JFTabBarController.swift; sourceTree = "<group>"; };
		B21501DB1D5366CB005E4670 /* JFTabBar.swift */ = {isa = PBXFileReference; fileEncoding = 4; lastKnownFileType = sourcecode.swift; path = JFTabBar.swift; sourceTree = "<group>"; };
		B21501DD1D536800005E4670 /* JFHomeViewController.swift */ = {isa = PBXFileReference; fileEncoding = 4; lastKnownFileType = sourcecode.swift; path = JFHomeViewController.swift; sourceTree = "<group>"; };
		B2190AFD1D4F85C4007FC0E9 /* EnglishCommunity-swift.app */ = {isa = PBXFileReference; explicitFileType = wrapper.application; includeInIndex = 0; path = "EnglishCommunity-swift.app"; sourceTree = BUILT_PRODUCTS_DIR; };
		B2190B071D4F85C4007FC0E9 /* Assets.xcassets */ = {isa = PBXFileReference; lastKnownFileType = folder.assetcatalog; path = Assets.xcassets; sourceTree = "<group>"; };
		B2190B0A1D4F85C4007FC0E9 /* Base */ = {isa = PBXFileReference; lastKnownFileType = file.storyboard; name = Base; path = Base.lproj/LaunchScreen.storyboard; sourceTree = "<group>"; };
		B2190B0C1D4F85C4007FC0E9 /* Info.plist */ = {isa = PBXFileReference; lastKnownFileType = text.plist.xml; path = Info.plist; sourceTree = "<group>"; };
		B2224BF01D5592BE005CEAE4 /* JFDetailHeaderView.swift */ = {isa = PBXFileReference; fileEncoding = 4; lastKnownFileType = sourcecode.swift; path = JFDetailHeaderView.swift; sourceTree = "<group>"; };
		B2224BF41D55A20C005CEAE4 /* JFDetailHeaderButton.swift */ = {isa = PBXFileReference; fileEncoding = 4; lastKnownFileType = sourcecode.swift; path = JFDetailHeaderButton.swift; sourceTree = "<group>"; };
		B2224BF61D55A4FD005CEAE4 /* JFDetailVideoCell.swift */ = {isa = PBXFileReference; fileEncoding = 4; lastKnownFileType = sourcecode.swift; path = JFDetailVideoCell.swift; sourceTree = "<group>"; };
		B2224BF71D55A4FD005CEAE4 /* JFDetailVideoCell.xib */ = {isa = PBXFileReference; fileEncoding = 4; lastKnownFileType = file.xib; path = JFDetailVideoCell.xib; sourceTree = "<group>"; };
		B238B40B1D5D991400E4307A /* JFGrammarViewController.swift */ = {isa = PBXFileReference; fileEncoding = 4; lastKnownFileType = sourcecode.swift; path = JFGrammarViewController.swift; sourceTree = "<group>"; };
		B238B4111D5D9B2700E4307A /* JFGrammar.swift */ = {isa = PBXFileReference; fileEncoding = 4; lastKnownFileType = sourcecode.swift; path = JFGrammar.swift; sourceTree = "<group>"; };
		B238B4131D5DBBBB00E4307A /* JFGrammarListCell.swift */ = {isa = PBXFileReference; fileEncoding = 4; lastKnownFileType = sourcecode.swift; path = JFGrammarListCell.swift; sourceTree = "<group>"; };
		B238B4151D5DBD4A00E4307A /* JFGrammarDetailViewController.swift */ = {isa = PBXFileReference; fileEncoding = 4; lastKnownFileType = sourcecode.swift; path = JFGrammarDetailViewController.swift; sourceTree = "<group>"; };
		B249AE211D60280F005C0A41 /* JFPublishViewController.swift */ = {isa = PBXFileReference; fileEncoding = 4; lastKnownFileType = sourcecode.swift; path = JFPublishViewController.swift; sourceTree = "<group>"; };
		B249AE251D607D41005C0A41 /* JFTweetsDetailViewController.swift */ = {isa = PBXFileReference; fileEncoding = 4; lastKnownFileType = sourcecode.swift; path = JFTweetsDetailViewController.swift; sourceTree = "<group>"; };
		B249AE261D607D41005C0A41 /* JFTweetsViewController.swift */ = {isa = PBXFileReference; fileEncoding = 4; lastKnownFileType = sourcecode.swift; path = JFTweetsViewController.swift; sourceTree = "<group>"; };
		B249AE281D607D41005C0A41 /* JFComment.swift */ = {isa = PBXFileReference; fileEncoding = 4; lastKnownFileType = sourcecode.swift; path = JFComment.swift; sourceTree = "<group>"; };
		B249AE291D607D41005C0A41 /* JFTweets.swift */ = {isa = PBXFileReference; fileEncoding = 4; lastKnownFileType = sourcecode.swift; path = JFTweets.swift; sourceTree = "<group>"; };
		B249AE2B1D607D41005C0A41 /* JFCommentCell.swift */ = {isa = PBXFileReference; fileEncoding = 4; lastKnownFileType = sourcecode.swift; path = JFCommentCell.swift; sourceTree = "<group>"; };
		B249AE2C1D607D41005C0A41 /* JFCommentCell.xib */ = {isa = PBXFileReference; fileEncoding = 4; lastKnownFileType = file.xib; path = JFCommentCell.xib; sourceTree = "<group>"; };
		B249AE2D1D607D41005C0A41 /* JFTweetsDetailHeaderView.swift */ = {isa = PBXFileReference; fileEncoding = 4; lastKnownFileType = sourcecode.swift; path = JFTweetsDetailHeaderView.swift; sourceTree = "<group>"; };
		B249AE2F1D607D41005C0A41 /* JFTweetsListCell.swift */ = {isa = PBXFileReference; fileEncoding = 4; lastKnownFileType = sourcecode.swift; path = JFTweetsListCell.swift; sourceTree = "<group>"; };
		B249AE3D1D60AC79005C0A41 /* JFTweetsPictureView.swift */ = {isa = PBXFileReference; fileEncoding = 4; lastKnownFileType = sourcecode.swift; path = JFTweetsPictureView.swift; sourceTree = "<group>"; };
		B2512A6A1D54394000476D0E /* JFVideoCategory.swift */ = {isa = PBXFileReference; fileEncoding = 4; lastKnownFileType = sourcecode.swift; path = JFVideoCategory.swift; sourceTree = "<group>"; };
		B2512A6C1D54396700476D0E /* JFVideoInfo.swift */ = {isa = PBXFileReference; fileEncoding = 4; lastKnownFileType = sourcecode.swift; path = JFVideoInfo.swift; sourceTree = "<group>"; };
		B2512A6E1D5439C800476D0E /* Api.swift */ = {isa = PBXFileReference; fileEncoding = 4; lastKnownFileType = sourcecode.swift; path = Api.swift; sourceTree = "<group>"; };
		B2512A721D54426B00476D0E /* JFVideo.swift */ = {isa = PBXFileReference; fileEncoding = 4; lastKnownFileType = sourcecode.swift; path = JFVideo.swift; sourceTree = "<group>"; };
		B285F5071D5AFB69004F23A6 /* JFFPSLabel.swift */ = {isa = PBXFileReference; fileEncoding = 4; lastKnownFileType = sourcecode.swift; path = JFFPSLabel.swift; sourceTree = "<group>"; };
		B28D93DF1D534AA700128D20 /* IJKMediaFramework.framework */ = {isa = PBXFileReference; lastKnownFileType = wrapper.framework; path = IJKMediaFramework.framework; sourceTree = "<group>"; };
		B28D93E11D534AA700128D20 /* JFPlayer_back@2x.png */ = {isa = PBXFileReference; lastKnownFileType = image.png; path = "JFPlayer_back@2x.png"; sourceTree = "<group>"; };
		B28D93E21D534AA700128D20 /* JFPlayer_back@3x.png */ = {isa = PBXFileReference; lastKnownFileType = image.png; path = "JFPlayer_back@3x.png"; sourceTree = "<group>"; };
		B28D93E31D534AA700128D20 /* JFPlayer_fullscreen@2x.png */ = {isa = PBXFileReference; lastKnownFileType = image.png; path = "JFPlayer_fullscreen@2x.png"; sourceTree = "<group>"; };
		B28D93E41D534AA700128D20 /* JFPlayer_fullscreen@3x.png */ = {isa = PBXFileReference; lastKnownFileType = image.png; path = "JFPlayer_fullscreen@3x.png"; sourceTree = "<group>"; };
		B28D93E51D534AA700128D20 /* JFPlayer_mask_image@2x.png */ = {isa = PBXFileReference; lastKnownFileType = image.png; path = "JFPlayer_mask_image@2x.png"; sourceTree = "<group>"; };
		B28D93E61D534AA700128D20 /* JFPlayer_mask_image@3x.png */ = {isa = PBXFileReference; lastKnownFileType = image.png; path = "JFPlayer_mask_image@3x.png"; sourceTree = "<group>"; };
		B28D93E71D534AA700128D20 /* JFPlayer_pause@2x.png */ = {isa = PBXFileReference; lastKnownFileType = image.png; path = "JFPlayer_pause@2x.png"; sourceTree = "<group>"; };
		B28D93E81D534AA700128D20 /* JFPlayer_pause@3x.png */ = {isa = PBXFileReference; lastKnownFileType = image.png; path = "JFPlayer_pause@3x.png"; sourceTree = "<group>"; };
		B28D93E91D534AA700128D20 /* JFPlayer_play@2x.png */ = {isa = PBXFileReference; lastKnownFileType = image.png; path = "JFPlayer_play@2x.png"; sourceTree = "<group>"; };
		B28D93EA1D534AA700128D20 /* JFPlayer_play@3x.png */ = {isa = PBXFileReference; lastKnownFileType = image.png; path = "JFPlayer_play@3x.png"; sourceTree = "<group>"; };
		B28D93EB1D534AA700128D20 /* JFPlayer_portialscreen@2x.png */ = {isa = PBXFileReference; lastKnownFileType = image.png; path = "JFPlayer_portialscreen@2x.png"; sourceTree = "<group>"; };
		B28D93EC1D534AA700128D20 /* JFPlayer_portialscreen@3x.png */ = {isa = PBXFileReference; lastKnownFileType = image.png; path = "JFPlayer_portialscreen@3x.png"; sourceTree = "<group>"; };
		B28D93ED1D534AA700128D20 /* JFPlayer_replay@2x.png */ = {isa = PBXFileReference; lastKnownFileType = image.png; path = "JFPlayer_replay@2x.png"; sourceTree = "<group>"; };
		B28D93EE1D534AA700128D20 /* JFPlayer_replay@3x.png */ = {isa = PBXFileReference; lastKnownFileType = image.png; path = "JFPlayer_replay@3x.png"; sourceTree = "<group>"; };
		B28D93EF1D534AA700128D20 /* JFPlayer_seek_to_image@2x.png */ = {isa = PBXFileReference; lastKnownFileType = image.png; path = "JFPlayer_seek_to_image@2x.png"; sourceTree = "<group>"; };
		B28D93F01D534AA700128D20 /* JFPlayer_seek_to_image@3x.png */ = {isa = PBXFileReference; lastKnownFileType = image.png; path = "JFPlayer_seek_to_image@3x.png"; sourceTree = "<group>"; };
		B28D93F11D534AA700128D20 /* JFPlayer_slider_thumb@2x.png */ = {isa = PBXFileReference; lastKnownFileType = image.png; path = "JFPlayer_slider_thumb@2x.png"; sourceTree = "<group>"; };
		B28D93F21D534AA700128D20 /* JFPlayer_slider_thumb@3x.png */ = {isa = PBXFileReference; lastKnownFileType = image.png; path = "JFPlayer_slider_thumb@3x.png"; sourceTree = "<group>"; };
		B28D93F31D534AA700128D20 /* JFPlayer.swift */ = {isa = PBXFileReference; fileEncoding = 4; lastKnownFileType = sourcecode.swift; path = JFPlayer.swift; sourceTree = "<group>"; };
		B28D93F41D534AA700128D20 /* JFPlayerClearityChooseButton.swift */ = {isa = PBXFileReference; fileEncoding = 4; lastKnownFileType = sourcecode.swift; path = JFPlayerClearityChooseButton.swift; sourceTree = "<group>"; };
		B28D93F51D534AA700128D20 /* JFPlayerControlView.swift */ = {isa = PBXFileReference; fileEncoding = 4; lastKnownFileType = sourcecode.swift; path = JFPlayerControlView.swift; sourceTree = "<group>"; };
		B28D93F61D534AA700128D20 /* JFPlayerItem.swift */ = {isa = PBXFileReference; fileEncoding = 4; lastKnownFileType = sourcecode.swift; path = JFPlayerItem.swift; sourceTree = "<group>"; };
		B28D93F71D534AA700128D20 /* JFPlayerManager.swift */ = {isa = PBXFileReference; fileEncoding = 4; lastKnownFileType = sourcecode.swift; path = JFPlayerManager.swift; sourceTree = "<group>"; };
		B2B770F31D61689E0042AA5E /* JFPhotoBrowserDismissAnimation.swift */ = {isa = PBXFileReference; fileEncoding = 4; lastKnownFileType = sourcecode.swift; path = JFPhotoBrowserDismissAnimation.swift; sourceTree = "<group>"; };
		B2B770F41D61689E0042AA5E /* JFPhotoBrowserModalAnimation.swift */ = {isa = PBXFileReference; fileEncoding = 4; lastKnownFileType = sourcecode.swift; path = JFPhotoBrowserModalAnimation.swift; sourceTree = "<group>"; };
		B2B770F51D61689E0042AA5E /* JFImageView.swift */ = {isa = PBXFileReference; fileEncoding = 4; lastKnownFileType = sourcecode.swift; path = JFImageView.swift; sourceTree = "<group>"; };
		B2B770F61D61689E0042AA5E /* JFPhotoBrowserCell.swift */ = {isa = PBXFileReference; fileEncoding = 4; lastKnownFileType = sourcecode.swift; path = JFPhotoBrowserCell.swift; sourceTree = "<group>"; };
		B2B770F71D61689E0042AA5E /* JFPhotoBrowserModel.swift */ = {isa = PBXFileReference; fileEncoding = 4; lastKnownFileType = sourcecode.swift; path = JFPhotoBrowserModel.swift; sourceTree = "<group>"; };
		B2B770F81D61689E0042AA5E /* JFPhotoBrowserViewController.swift */ = {isa = PBXFileReference; fileEncoding = 4; lastKnownFileType = sourcecode.swift; path = JFPhotoBrowserViewController.swift; sourceTree = "<group>"; };
		B2FC668C1D5C15DF0032703D /* JFCollectionTableViewController.swift */ = {isa = PBXFileReference; fileEncoding = 4; lastKnownFileType = sourcecode.swift; path = JFCollectionTableViewController.swift; sourceTree = "<group>"; };
		B2FC668E1D5C15DF0032703D /* JFCommentListTableViewController.swift */ = {isa = PBXFileReference; fileEncoding = 4; lastKnownFileType = sourcecode.swift; path = JFCommentListTableViewController.swift; sourceTree = "<group>"; };
		B2FC66901D5C15DF0032703D /* JFForgotViewController.swift */ = {isa = PBXFileReference; fileEncoding = 4; lastKnownFileType = sourcecode.swift; path = JFForgotViewController.swift; sourceTree = "<group>"; };
		B2FC66931D5C15DF0032703D /* JFEditProfileViewController.swift */ = {isa = PBXFileReference; fileEncoding = 4; lastKnownFileType = sourcecode.swift; path = JFEditProfileViewController.swift; sourceTree = "<group>"; };
		B2FC66941D5C15DF0032703D /* JFModifyInfoTableViewController.swift */ = {isa = PBXFileReference; fileEncoding = 4; lastKnownFileType = sourcecode.swift; path = JFModifyInfoTableViewController.swift; sourceTree = "<group>"; };
		B2FC66951D5C15DF0032703D /* JFModifySafeTableViewController.swift */ = {isa = PBXFileReference; fileEncoding = 4; lastKnownFileType = sourcecode.swift; path = JFModifySafeTableViewController.swift; sourceTree = "<group>"; };
		B2FC66961D5C15DF0032703D /* JFAboutMeViewController.swift */ = {isa = PBXFileReference; fileEncoding = 4; lastKnownFileType = sourcecode.swift; path = JFAboutMeViewController.swift; sourceTree = "<group>"; };
		B2FC66971D5C15DF0032703D /* JFBaseTableViewController.swift */ = {isa = PBXFileReference; fileEncoding = 4; lastKnownFileType = sourcecode.swift; path = JFBaseTableViewController.swift; sourceTree = "<group>"; };
		B2FC66981D5C15DF0032703D /* JFDutyViewController.swift */ = {isa = PBXFileReference; fileEncoding = 4; lastKnownFileType = sourcecode.swift; path = JFDutyViewController.swift; sourceTree = "<group>"; };
		B2FC66991D5C15DF0032703D /* JFProfileFeedbackViewController.swift */ = {isa = PBXFileReference; fileEncoding = 4; lastKnownFileType = sourcecode.swift; path = JFProfileFeedbackViewController.swift; sourceTree = "<group>"; };
		B2FC669B1D5C15DF0032703D /* JFProfileViewController.swift */ = {isa = PBXFileReference; fileEncoding = 4; lastKnownFileType = sourcecode.swift; path = JFProfileViewController.swift; sourceTree = "<group>"; };
		B2FC669D1D5C15DF0032703D /* JFLoginViewController.swift */ = {isa = PBXFileReference; fileEncoding = 4; lastKnownFileType = sourcecode.swift; path = JFLoginViewController.swift; sourceTree = "<group>"; };
		B2FC66A01D5C15DF0032703D /* JFRegisterViewController.swift */ = {isa = PBXFileReference; fileEncoding = 4; lastKnownFileType = sourcecode.swift; path = JFRegisterViewController.swift; sourceTree = "<group>"; };
		B2FC66A41D5C15DF0032703D /* JFCollectionModel.swift */ = {isa = PBXFileReference; fileEncoding = 4; lastKnownFileType = sourcecode.swift; path = JFCollectionModel.swift; sourceTree = "<group>"; };
		B2FC66A61D5C15DF0032703D /* JFUserCommentModel.swift */ = {isa = PBXFileReference; fileEncoding = 4; lastKnownFileType = sourcecode.swift; path = JFUserCommentModel.swift; sourceTree = "<group>"; };
		B2FC66A71D5C15DF0032703D /* JFProfileCellArrowModel.swift */ = {isa = PBXFileReference; fileEncoding = 4; lastKnownFileType = sourcecode.swift; path = JFProfileCellArrowModel.swift; sourceTree = "<group>"; };
		B2FC66A81D5C15DF0032703D /* JFProfileCellGroupModel.swift */ = {isa = PBXFileReference; fileEncoding = 4; lastKnownFileType = sourcecode.swift; path = JFProfileCellGroupModel.swift; sourceTree = "<group>"; };
		B2FC66A91D5C15DF0032703D /* JFProfileCellLabelModel.swift */ = {isa = PBXFileReference; fileEncoding = 4; lastKnownFileType = sourcecode.swift; path = JFProfileCellLabelModel.swift; sourceTree = "<group>"; };
		B2FC66AA1D5C15DF0032703D /* JFProfileCellModel.swift */ = {isa = PBXFileReference; fileEncoding = 4; lastKnownFileType = sourcecode.swift; path = JFProfileCellModel.swift; sourceTree = "<group>"; };
		B2FC66AB1D5C15DF0032703D /* JFProfileCellSwitchModel.swift */ = {isa = PBXFileReference; fileEncoding = 4; lastKnownFileType = sourcecode.swift; path = JFProfileCellSwitchModel.swift; sourceTree = "<group>"; };
		B2FC66AE1D5C15DF0032703D /* JFInfoHeaderView.swift */ = {isa = PBXFileReference; fileEncoding = 4; lastKnownFileType = sourcecode.swift; path = JFInfoHeaderView.swift; sourceTree = "<group>"; };
		B2FC66B01D5C15DF0032703D /* JFProfileCell.swift */ = {isa = PBXFileReference; fileEncoding = 4; lastKnownFileType = sourcecode.swift; path = JFProfileCell.swift; sourceTree = "<group>"; };
		B2FC66B11D5C15DF0032703D /* JFProfileHeaderView.swift */ = {isa = PBXFileReference; fileEncoding = 4; lastKnownFileType = sourcecode.swift; path = JFProfileHeaderView.swift; sourceTree = "<group>"; };
		B2FC66B21D5C15DF0032703D /* JFProfileHeaderView.xib */ = {isa = PBXFileReference; fileEncoding = 4; lastKnownFileType = file.xib; path = JFProfileHeaderView.xib; sourceTree = "<group>"; };
		B2FC66B31D5C15DF0032703D /* JFProfileTopButton.swift */ = {isa = PBXFileReference; fileEncoding = 4; lastKnownFileType = sourcecode.swift; path = JFProfileTopButton.swift; sourceTree = "<group>"; };
		B2FC66D21D5C167E0032703D /* JFAccountModel.swift */ = {isa = PBXFileReference; fileEncoding = 4; lastKnownFileType = sourcecode.swift; path = JFAccountModel.swift; sourceTree = "<group>"; };
		B2FC66D41D5C16EA0032703D /* StringExtension.swift */ = {isa = PBXFileReference; fileEncoding = 4; lastKnownFileType = sourcecode.swift; path = StringExtension.swift; sourceTree = "<group>"; };
		B2FC66D51D5C16EA0032703D /* UIImageExtension.swift */ = {isa = PBXFileReference; fileEncoding = 4; lastKnownFileType = sourcecode.swift; path = UIImageExtension.swift; sourceTree = "<group>"; };
		B2FC66D81D5C268B0032703D /* JFLoginViewController.xib */ = {isa = PBXFileReference; fileEncoding = 4; lastKnownFileType = file.xib; path = JFLoginViewController.xib; sourceTree = "<group>"; };
		B2FC66DA1D5C26910032703D /* JFRegisterViewController.xib */ = {isa = PBXFileReference; fileEncoding = 4; lastKnownFileType = file.xib; path = JFRegisterViewController.xib; sourceTree = "<group>"; };
		B2FC66DC1D5C2EA10032703D /* JFForgotViewController.xib */ = {isa = PBXFileReference; fileEncoding = 4; lastKnownFileType = file.xib; path = JFForgotViewController.xib; sourceTree = "<group>"; };
		B2FC66E01D5C67510032703D /* NSDateExtension.swift */ = {isa = PBXFileReference; fileEncoding = 4; lastKnownFileType = sourcecode.swift; path = NSDateExtension.swift; sourceTree = "<group>"; };
/* End PBXFileReference section */

/* Begin PBXFrameworksBuildPhase section */
		B2190AFA1D4F85C4007FC0E9 /* Frameworks */ = {
			isa = PBXFrameworksBuildPhase;
			buildActionMask = 2147483647;
			files = (
				B20007D11D4F926C006DA9B0 /* libz.tbd in Frameworks */,
				B20007CF1D4F9266006DA9B0 /* libbz2.tbd in Frameworks */,
				B20007CD1D4F925E006DA9B0 /* AudioToolbox.framework in Frameworks */,
				B20007CB1D4F9256006DA9B0 /* AVFoundation.framework in Frameworks */,
				B20007C91D4F9250006DA9B0 /* QuartzCore.framework in Frameworks */,
				B20007C71D4F9249006DA9B0 /* CoreGraphics.framework in Frameworks */,
				B20007C51D4F9240006DA9B0 /* CoreMedia.framework in Frameworks */,
				B20007C31D4F9239006DA9B0 /* CoreVideo.framework in Frameworks */,
				B20007C11D4F9233006DA9B0 /* MediaPlayer.framework in Frameworks */,
				B20007BF1D4F9226006DA9B0 /* MobileCoreServices.framework in Frameworks */,
				B20007BD1D4F921D006DA9B0 /* OpenGLES.framework in Frameworks */,
				B20007BB1D4F9211006DA9B0 /* VideoToolbox.framework in Frameworks */,
				65A184ABE0EB0640D12A2B4E /* Pods_EnglishCommunity_swift.framework in Frameworks */,
				B28D93F81D534AA700128D20 /* IJKMediaFramework.framework in Frameworks */,
			);
			runOnlyForDeploymentPostprocessing = 0;
		};
/* End PBXFrameworksBuildPhase section */

/* Begin PBXGroup section */
		4F460FE97096BD9368ED87BE /* Pods */ = {
			isa = PBXGroup;
			children = (
				99A939157BA8A50076C427E7 /* Pods-EnglishCommunity-swift.debug.xcconfig */,
				516DACE58489A1F72B519807 /* Pods-EnglishCommunity-swift.release.xcconfig */,
			);
			name = Pods;
			sourceTree = "<group>";
		};
		89D49F2DF53D8D609BE64AC4 /* Frameworks */ = {
			isa = PBXGroup;
			children = (
				B20007D01D4F926C006DA9B0 /* libz.tbd */,
				B20007CE1D4F9266006DA9B0 /* libbz2.tbd */,
				B20007CC1D4F925E006DA9B0 /* AudioToolbox.framework */,
				B20007CA1D4F9256006DA9B0 /* AVFoundation.framework */,
				B20007C81D4F9250006DA9B0 /* QuartzCore.framework */,
				B20007C61D4F9249006DA9B0 /* CoreGraphics.framework */,
				B20007C41D4F9240006DA9B0 /* CoreMedia.framework */,
				B20007C21D4F9239006DA9B0 /* CoreVideo.framework */,
				B20007C01D4F9233006DA9B0 /* MediaPlayer.framework */,
				B20007BE1D4F9226006DA9B0 /* MobileCoreServices.framework */,
				B20007BC1D4F921D006DA9B0 /* OpenGLES.framework */,
				B20007BA1D4F9211006DA9B0 /* VideoToolbox.framework */,
				78E45BF72C3100A5F6F08F5E /* Pods_EnglishCommunity_swift.framework */,
			);
			name = Frameworks;
			sourceTree = "<group>";
		};
		B213E3DF1D54D40A00589058 /* Detail */ = {
			isa = PBXGroup;
			children = (
				B21436381D551BE300F201AF /* JFTopBarView.swift */,
				B214363A1D551BEB00F201AF /* JFTopBarView.xib */,
				B2224BF01D5592BE005CEAE4 /* JFDetailHeaderView.swift */,
				B2224BF41D55A20C005CEAE4 /* JFDetailHeaderButton.swift */,
				B2224BF61D55A4FD005CEAE4 /* JFDetailVideoCell.swift */,
				B2224BF71D55A4FD005CEAE4 /* JFDetailVideoCell.xib */,
			);
			path = Detail;
			sourceTree = "<group>";
		};
		B213E3E01D54D40A00589058 /* HomeCategories */ = {
			isa = PBXGroup;
			children = (
				B213E3E11D54D40A00589058 /* JFCategoriesCell.swift */,
				B213E3E21D54D40A00589058 /* JFCategoriesCellItem.swift */,
				B213E3E31D54D40A00589058 /* JFCategoriesCellItem.xib */,
			);
			path = HomeCategories;
			sourceTree = "<group>";
		};
		B213E3E41D54D40A00589058 /* HomeCell */ = {
			isa = PBXGroup;
			children = (
				B213E3E51D54D40A00589058 /* JFHomeCell.swift */,
				B213E3E61D54D40A00589058 /* JFHomeCellItem.swift */,
				B213E3E71D54D40A00589058 /* JFHomeCellItem.xib */,
				B213E3E81D54D40A00589058 /* JFHomeSectionHeaderView.swift */,
				B213E3E91D54D40A00589058 /* JFHomeSectionHeaderView.xib */,
			);
			path = HomeCell;
			sourceTree = "<group>";
		};
		B21501BD1D5364C9005E4670 /* Home */ = {
			isa = PBXGroup;
			children = (
				B21501BE1D5364C9005E4670 /* Controller */,
				B21501BF1D5364C9005E4670 /* Model */,
				B21501C01D5364C9005E4670 /* View */,
			);
			path = Home;
			sourceTree = "<group>";
		};
		B21501BE1D5364C9005E4670 /* Controller */ = {
			isa = PBXGroup;
			children = (
				B21501DD1D536800005E4670 /* JFHomeViewController.swift */,
				B213E3DD1D54BCF100589058 /* JFCategoryViewController.swift */,
				B213E3F21D54D45B00589058 /* JFPlayerViewController.swift */,
			);
			path = Controller;
			sourceTree = "<group>";
		};
		B21501BF1D5364C9005E4670 /* Model */ = {
			isa = PBXGroup;
			children = (
				B2512A6A1D54394000476D0E /* JFVideoCategory.swift */,
				B2512A6C1D54396700476D0E /* JFVideoInfo.swift */,
				B2512A721D54426B00476D0E /* JFVideo.swift */,
			);
			path = Model;
			sourceTree = "<group>";
		};
		B21501C01D5364C9005E4670 /* View */ = {
			isa = PBXGroup;
			children = (
				B213E3DF1D54D40A00589058 /* Detail */,
				B213E3E01D54D40A00589058 /* HomeCategories */,
				B213E3E41D54D40A00589058 /* HomeCell */,
			);
			path = View;
			sourceTree = "<group>";
		};
		B2190AF41D4F85C4007FC0E9 = {
			isa = PBXGroup;
			children = (
				B2190AFF1D4F85C4007FC0E9 /* EnglishCommunity-swift */,
				B2190AFE1D4F85C4007FC0E9 /* Products */,
				4F460FE97096BD9368ED87BE /* Pods */,
				89D49F2DF53D8D609BE64AC4 /* Frameworks */,
			);
			sourceTree = "<group>";
		};
		B2190AFE1D4F85C4007FC0E9 /* Products */ = {
			isa = PBXGroup;
			children = (
				B2190AFD1D4F85C4007FC0E9 /* EnglishCommunity-swift.app */,
			);
			name = Products;
			sourceTree = "<group>";
		};
		B2190AFF1D4F85C4007FC0E9 /* EnglishCommunity-swift */ = {
			isa = PBXGroup;
			children = (
				B2190B071D4F85C4007FC0E9 /* Assets.xcassets */,
				B2190B091D4F85C4007FC0E9 /* LaunchScreen.storyboard */,
				B2190B0C1D4F85C4007FC0E9 /* Info.plist */,
				B28D93D31D534AA700128D20 /* Classes */,
			);
			path = "EnglishCommunity-swift";
			sourceTree = "<group>";
		};
		B238B4091D5D991400E4307A /* Grammar */ = {
			isa = PBXGroup;
			children = (
				B238B40A1D5D991400E4307A /* Controller */,
				B238B40C1D5D991400E4307A /* Model */,
				B238B40D1D5D991400E4307A /* View */,
			);
			path = Grammar;
			sourceTree = "<group>";
		};
		B238B40A1D5D991400E4307A /* Controller */ = {
			isa = PBXGroup;
			children = (
				B238B40B1D5D991400E4307A /* JFGrammarViewController.swift */,
				B238B4151D5DBD4A00E4307A /* JFGrammarDetailViewController.swift */,
			);
			path = Controller;
			sourceTree = "<group>";
		};
		B238B40C1D5D991400E4307A /* Model */ = {
			isa = PBXGroup;
			children = (
				B238B4111D5D9B2700E4307A /* JFGrammar.swift */,
			);
			path = Model;
			sourceTree = "<group>";
		};
		B238B40D1D5D991400E4307A /* View */ = {
			isa = PBXGroup;
			children = (
				B238B4131D5DBBBB00E4307A /* JFGrammarListCell.swift */,
			);
			path = View;
			sourceTree = "<group>";
		};
		B238B4171D5DCC0F00E4307A /* Center */ = {
			isa = PBXGroup;
			children = (
				B238B4181D5DCC0F00E4307A /* Controller */,
				B238B4191D5DCC0F00E4307A /* Model */,
				B238B41A1D5DCC0F00E4307A /* View */,
			);
			path = Center;
			sourceTree = "<group>";
		};
		B238B4181D5DCC0F00E4307A /* Controller */ = {
			isa = PBXGroup;
			children = (
				B249AE211D60280F005C0A41 /* JFPublishViewController.swift */,
			);
			path = Controller;
			sourceTree = "<group>";
		};
		B238B4191D5DCC0F00E4307A /* Model */ = {
			isa = PBXGroup;
			children = (
			);
			path = Model;
			sourceTree = "<group>";
		};
		B238B41A1D5DCC0F00E4307A /* View */ = {
			isa = PBXGroup;
			children = (
			);
			path = View;
			sourceTree = "<group>";
		};
		B249AE231D607D41005C0A41 /* Tweets */ = {
			isa = PBXGroup;
			children = (
				B249AE241D607D41005C0A41 /* Controller */,
				B249AE271D607D41005C0A41 /* Model */,
				B249AE2A1D607D41005C0A41 /* View */,
			);
			path = Tweets;
			sourceTree = "<group>";
		};
		B249AE241D607D41005C0A41 /* Controller */ = {
			isa = PBXGroup;
			children = (
				B249AE261D607D41005C0A41 /* JFTweetsViewController.swift */,
				B249AE251D607D41005C0A41 /* JFTweetsDetailViewController.swift */,
			);
			path = Controller;
			sourceTree = "<group>";
		};
		B249AE271D607D41005C0A41 /* Model */ = {
			isa = PBXGroup;
			children = (
				B249AE291D607D41005C0A41 /* JFTweets.swift */,
				B249AE281D607D41005C0A41 /* JFComment.swift */,
			);
			path = Model;
			sourceTree = "<group>";
		};
		B249AE2A1D607D41005C0A41 /* View */ = {
			isa = PBXGroup;
			children = (
				B249AE2F1D607D41005C0A41 /* JFTweetsListCell.swift */,
				B249AE2D1D607D41005C0A41 /* JFTweetsDetailHeaderView.swift */,
				B249AE3D1D60AC79005C0A41 /* JFTweetsPictureView.swift */,
				B249AE2B1D607D41005C0A41 /* JFCommentCell.swift */,
				B249AE2C1D607D41005C0A41 /* JFCommentCell.xib */,
			);
			path = View;
			sourceTree = "<group>";
		};
		B28D93D31D534AA700128D20 /* Classes */ = {
			isa = PBXGroup;
			children = (
				B28D93D41D534AA700128D20 /* Application */,
				B28D93D51D534AA700128D20 /* Categories */,
				B28D93D61D534AA700128D20 /* Model */,
				B28D93DC1D534AA700128D20 /* Utils */,
				B28D93DD1D534AA700128D20 /* Vendor */,
				B28D93D71D534AA700128D20 /* Module */,
			);
			path = Classes;
			sourceTree = "<group>";
		};
		B28D93D41D534AA700128D20 /* Application */ = {
			isa = PBXGroup;
			children = (
				B21501BB1D53616A005E4670 /* AppDelegate.swift */,
				B21501CD1D53668B005E4670 /* Config.swift */,
				B2512A6E1D5439C800476D0E /* Api.swift */,
			);
			path = Application;
			sourceTree = "<group>";
		};
		B28D93D51D534AA700128D20 /* Categories */ = {
			isa = PBXGroup;
			children = (
				B2FC66E01D5C67510032703D /* NSDateExtension.swift */,
				B2FC66D41D5C16EA0032703D /* StringExtension.swift */,
				B2FC66D51D5C16EA0032703D /* UIImageExtension.swift */,
				B21501CF1D536697005E4670 /* UIBarButtionItem.swift */,
				B21501D01D536697005E4670 /* UIViewExtension.swift */,
			);
			path = Categories;
			sourceTree = "<group>";
		};
		B28D93D61D534AA700128D20 /* Model */ = {
			isa = PBXGroup;
			children = (
				B2FC66D21D5C167E0032703D /* JFAccountModel.swift */,
			);
			path = Model;
			sourceTree = "<group>";
		};
		B28D93D71D534AA700128D20 /* Module */ = {
			isa = PBXGroup;
			children = (
				B28D93D81D534AA700128D20 /* Main */,
				B21501BD1D5364C9005E4670 /* Home */,
				B238B4091D5D991400E4307A /* Grammar */,
				B238B4171D5DCC0F00E4307A /* Center */,
				B249AE231D607D41005C0A41 /* Tweets */,
				B2FC66891D5C15DF0032703D /* Profile */,
			);
			path = Module;
			sourceTree = "<group>";
		};
		B28D93D81D534AA700128D20 /* Main */ = {
			isa = PBXGroup;
			children = (
				B28D93D91D534AA700128D20 /* Controller */,
				B28D93DA1D534AA700128D20 /* Model */,
				B28D93DB1D534AA700128D20 /* View */,
			);
			path = Main;
			sourceTree = "<group>";
		};
		B28D93D91D534AA700128D20 /* Controller */ = {
			isa = PBXGroup;
			children = (
				B21501D71D5366C2005E4670 /* JFNavigationController.swift */,
				B21501D81D5366C2005E4670 /* JFTabBarController.swift */,
				B21465091D5B4EC200C5EDFD /* JFTestViewController.swift */,
			);
			path = Controller;
			sourceTree = "<group>";
		};
		B28D93DA1D534AA700128D20 /* Model */ = {
			isa = PBXGroup;
			children = (
			);
			path = Model;
			sourceTree = "<group>";
		};
		B28D93DB1D534AA700128D20 /* View */ = {
			isa = PBXGroup;
			children = (
				B285F5071D5AFB69004F23A6 /* JFFPSLabel.swift */,
				B21501DB1D5366CB005E4670 /* JFTabBar.swift */,
			);
			path = View;
			sourceTree = "<group>";
		};
		B28D93DC1D534AA700128D20 /* Utils */ = {
			isa = PBXGroup;
			children = (
				B21501D31D5366A4005E4670 /* JFNetworkTools.swift */,
				B21501D41D5366A4005E4670 /* JFProgressHUD.swift */,
			);
			path = Utils;
			sourceTree = "<group>";
		};
		B28D93DD1D534AA700128D20 /* Vendor */ = {
			isa = PBXGroup;
			children = (
				B2B770F11D61689E0042AA5E /* PhotoBrowser */,
				B28D93DE1D534AA700128D20 /* JFPlayer */,
			);
			path = Vendor;
			sourceTree = "<group>";
		};
		B28D93DE1D534AA700128D20 /* JFPlayer */ = {
			isa = PBXGroup;
			children = (
				B28D93DF1D534AA700128D20 /* IJKMediaFramework.framework */,
				B28D93E01D534AA700128D20 /* Image */,
				B28D93F31D534AA700128D20 /* JFPlayer.swift */,
				B28D93F41D534AA700128D20 /* JFPlayerClearityChooseButton.swift */,
				B28D93F51D534AA700128D20 /* JFPlayerControlView.swift */,
				B28D93F61D534AA700128D20 /* JFPlayerItem.swift */,
				B28D93F71D534AA700128D20 /* JFPlayerManager.swift */,
			);
			path = JFPlayer;
			sourceTree = "<group>";
		};
		B28D93E01D534AA700128D20 /* Image */ = {
			isa = PBXGroup;
			children = (
				B28D93E11D534AA700128D20 /* JFPlayer_back@2x.png */,
				B28D93E21D534AA700128D20 /* JFPlayer_back@3x.png */,
				B28D93E31D534AA700128D20 /* JFPlayer_fullscreen@2x.png */,
				B28D93E41D534AA700128D20 /* JFPlayer_fullscreen@3x.png */,
				B28D93E51D534AA700128D20 /* JFPlayer_mask_image@2x.png */,
				B28D93E61D534AA700128D20 /* JFPlayer_mask_image@3x.png */,
				B28D93E71D534AA700128D20 /* JFPlayer_pause@2x.png */,
				B28D93E81D534AA700128D20 /* JFPlayer_pause@3x.png */,
				B28D93E91D534AA700128D20 /* JFPlayer_play@2x.png */,
				B28D93EA1D534AA700128D20 /* JFPlayer_play@3x.png */,
				B28D93EB1D534AA700128D20 /* JFPlayer_portialscreen@2x.png */,
				B28D93EC1D534AA700128D20 /* JFPlayer_portialscreen@3x.png */,
				B28D93ED1D534AA700128D20 /* JFPlayer_replay@2x.png */,
				B28D93EE1D534AA700128D20 /* JFPlayer_replay@3x.png */,
				B28D93EF1D534AA700128D20 /* JFPlayer_seek_to_image@2x.png */,
				B28D93F01D534AA700128D20 /* JFPlayer_seek_to_image@3x.png */,
				B28D93F11D534AA700128D20 /* JFPlayer_slider_thumb@2x.png */,
				B28D93F21D534AA700128D20 /* JFPlayer_slider_thumb@3x.png */,
			);
			path = Image;
			sourceTree = "<group>";
		};
		B2B770F11D61689E0042AA5E /* PhotoBrowser */ = {
			isa = PBXGroup;
			children = (
				B2B770F21D61689E0042AA5E /* Animation */,
				B2B770F51D61689E0042AA5E /* JFImageView.swift */,
				B2B770F61D61689E0042AA5E /* JFPhotoBrowserCell.swift */,
				B2B770F71D61689E0042AA5E /* JFPhotoBrowserModel.swift */,
				B2B770F81D61689E0042AA5E /* JFPhotoBrowserViewController.swift */,
			);
			path = PhotoBrowser;
			sourceTree = "<group>";
		};
		B2B770F21D61689E0042AA5E /* Animation */ = {
			isa = PBXGroup;
			children = (
				B2B770F41D61689E0042AA5E /* JFPhotoBrowserModalAnimation.swift */,
				B2B770F31D61689E0042AA5E /* JFPhotoBrowserDismissAnimation.swift */,
			);
			path = Animation;
			sourceTree = "<group>";
		};
		B2FC66891D5C15DF0032703D /* Profile */ = {
			isa = PBXGroup;
			children = (
				B2FC668A1D5C15DF0032703D /* Controller */,
				B2FC66A21D5C15DF0032703D /* Model */,
				B2FC66AC1D5C15DF0032703D /* View */,
			);
			path = Profile;
			sourceTree = "<group>";
		};
		B2FC668A1D5C15DF0032703D /* Controller */ = {
			isa = PBXGroup;
			children = (
				B2FC669C1D5C15DF0032703D /* Login */,
				B2FC669F1D5C15DF0032703D /* Register */,
				B2FC668F1D5C15DF0032703D /* Forgot */,
				B2FC668B1D5C15DF0032703D /* Collection */,
				B2FC668D1D5C15DF0032703D /* Comment */,
				B2FC66921D5C15DF0032703D /* Info */,
				B2FC66961D5C15DF0032703D /* JFAboutMeViewController.swift */,
				B2FC66971D5C15DF0032703D /* JFBaseTableViewController.swift */,
				B2FC66981D5C15DF0032703D /* JFDutyViewController.swift */,
				B2FC66991D5C15DF0032703D /* JFProfileFeedbackViewController.swift */,
				B2FC669B1D5C15DF0032703D /* JFProfileViewController.swift */,
			);
			path = Controller;
			sourceTree = "<group>";
		};
		B2FC668B1D5C15DF0032703D /* Collection */ = {
			isa = PBXGroup;
			children = (
				B2FC668C1D5C15DF0032703D /* JFCollectionTableViewController.swift */,
			);
			path = Collection;
			sourceTree = "<group>";
		};
		B2FC668D1D5C15DF0032703D /* Comment */ = {
			isa = PBXGroup;
			children = (
				B2FC668E1D5C15DF0032703D /* JFCommentListTableViewController.swift */,
			);
			path = Comment;
			sourceTree = "<group>";
		};
		B2FC668F1D5C15DF0032703D /* Forgot */ = {
			isa = PBXGroup;
			children = (
				B2FC66901D5C15DF0032703D /* JFForgotViewController.swift */,
				B2FC66DC1D5C2EA10032703D /* JFForgotViewController.xib */,
			);
			path = Forgot;
			sourceTree = "<group>";
		};
		B2FC66921D5C15DF0032703D /* Info */ = {
			isa = PBXGroup;
			children = (
				B2FC66931D5C15DF0032703D /* JFEditProfileViewController.swift */,
				B2FC66941D5C15DF0032703D /* JFModifyInfoTableViewController.swift */,
				B2FC66951D5C15DF0032703D /* JFModifySafeTableViewController.swift */,
			);
			path = Info;
			sourceTree = "<group>";
		};
		B2FC669C1D5C15DF0032703D /* Login */ = {
			isa = PBXGroup;
			children = (
				B2FC669D1D5C15DF0032703D /* JFLoginViewController.swift */,
				B2FC66D81D5C268B0032703D /* JFLoginViewController.xib */,
			);
			path = Login;
			sourceTree = "<group>";
		};
		B2FC669F1D5C15DF0032703D /* Register */ = {
			isa = PBXGroup;
			children = (
				B2FC66A01D5C15DF0032703D /* JFRegisterViewController.swift */,
				B2FC66DA1D5C26910032703D /* JFRegisterViewController.xib */,
			);
			path = Register;
			sourceTree = "<group>";
		};
		B2FC66A21D5C15DF0032703D /* Model */ = {
			isa = PBXGroup;
			children = (
				B2FC66A31D5C15DF0032703D /* Collection */,
				B2FC66A51D5C15DF0032703D /* Comment */,
				B2FC66A81D5C15DF0032703D /* JFProfileCellGroupModel.swift */,
				B2FC66AA1D5C15DF0032703D /* JFProfileCellModel.swift */,
				B2FC66A71D5C15DF0032703D /* JFProfileCellArrowModel.swift */,
				B2FC66A91D5C15DF0032703D /* JFProfileCellLabelModel.swift */,
				B2FC66AB1D5C15DF0032703D /* JFProfileCellSwitchModel.swift */,
			);
			path = Model;
			sourceTree = "<group>";
		};
		B2FC66A31D5C15DF0032703D /* Collection */ = {
			isa = PBXGroup;
			children = (
				B2FC66A41D5C15DF0032703D /* JFCollectionModel.swift */,
			);
			path = Collection;
			sourceTree = "<group>";
		};
		B2FC66A51D5C15DF0032703D /* Comment */ = {
			isa = PBXGroup;
			children = (
				B2FC66A61D5C15DF0032703D /* JFUserCommentModel.swift */,
			);
			path = Comment;
			sourceTree = "<group>";
		};
		B2FC66AC1D5C15DF0032703D /* View */ = {
			isa = PBXGroup;
			children = (
				B2FC66AD1D5C15DF0032703D /* Info */,
				B2FC66B01D5C15DF0032703D /* JFProfileCell.swift */,
				B2FC66B11D5C15DF0032703D /* JFProfileHeaderView.swift */,
				B2FC66B21D5C15DF0032703D /* JFProfileHeaderView.xib */,
				B2FC66B31D5C15DF0032703D /* JFProfileTopButton.swift */,
			);
			path = View;
			sourceTree = "<group>";
		};
		B2FC66AD1D5C15DF0032703D /* Info */ = {
			isa = PBXGroup;
			children = (
				B2FC66AE1D5C15DF0032703D /* JFInfoHeaderView.swift */,
			);
			path = Info;
			sourceTree = "<group>";
		};
/* End PBXGroup section */

/* Begin PBXNativeTarget section */
		B2190AFC1D4F85C4007FC0E9 /* EnglishCommunity-swift */ = {
			isa = PBXNativeTarget;
			buildConfigurationList = B2190B0F1D4F85C4007FC0E9 /* Build configuration list for PBXNativeTarget "EnglishCommunity-swift" */;
			buildPhases = (
				E3461EE27C0DC274E6593744 /* [CP] Check Pods Manifest.lock */,
				B2190AF91D4F85C4007FC0E9 /* Sources */,
				B2190AFA1D4F85C4007FC0E9 /* Frameworks */,
				B2190AFB1D4F85C4007FC0E9 /* Resources */,
				E90F44C248F220C2B619B9A9 /* [CP] Embed Pods Frameworks */,
				700AAC27961B5EE7BDCC6804 /* [CP] Copy Pods Resources */,
			);
			buildRules = (
			);
			dependencies = (
			);
			name = "EnglishCommunity-swift";
			productName = "EnglishCommunity-swift";
			productReference = B2190AFD1D4F85C4007FC0E9 /* EnglishCommunity-swift.app */;
			productType = "com.apple.product-type.application";
		};
/* End PBXNativeTarget section */

/* Begin PBXProject section */
		B2190AF51D4F85C4007FC0E9 /* Project object */ = {
			isa = PBXProject;
			attributes = {
				CLASSPREFIX = JF;
				LastSwiftUpdateCheck = 0730;
				LastUpgradeCheck = 0730;
				ORGANIZATIONNAME = zhoujianfeng;
				TargetAttributes = {
					B2190AFC1D4F85C4007FC0E9 = {
						CreatedOnToolsVersion = 7.3;
					};
				};
			};
			buildConfigurationList = B2190AF81D4F85C4007FC0E9 /* Build configuration list for PBXProject "EnglishCommunity-swift" */;
			compatibilityVersion = "Xcode 3.2";
			developmentRegion = English;
			hasScannedForEncodings = 0;
			knownRegions = (
				en,
				Base,
			);
			mainGroup = B2190AF41D4F85C4007FC0E9;
			productRefGroup = B2190AFE1D4F85C4007FC0E9 /* Products */;
			projectDirPath = "";
			projectRoot = "";
			targets = (
				B2190AFC1D4F85C4007FC0E9 /* EnglishCommunity-swift */,
			);
		};
/* End PBXProject section */

/* Begin PBXResourcesBuildPhase section */
		B2190AFB1D4F85C4007FC0E9 /* Resources */ = {
			isa = PBXResourcesBuildPhase;
			buildActionMask = 2147483647;
			files = (
				B28D93FB1D534AA700128D20 /* JFPlayer_fullscreen@2x.png in Resources */,
				B2FC66DD1D5C2EA10032703D /* JFForgotViewController.xib in Resources */,
				B28D93FD1D534AA700128D20 /* JFPlayer_mask_image@2x.png in Resources */,
				B213E3EC1D54D40A00589058 /* JFCategoriesCellItem.xib in Resources */,
				B28D94021D534AA700128D20 /* JFPlayer_play@3x.png in Resources */,
				B249AE361D607D41005C0A41 /* JFCommentCell.xib in Resources */,
				B214363B1D551BEB00F201AF /* JFTopBarView.xib in Resources */,
				B28D93FF1D534AA700128D20 /* JFPlayer_pause@2x.png in Resources */,
				B28D94061D534AA700128D20 /* JFPlayer_replay@3x.png in Resources */,
				B28D94011D534AA700128D20 /* JFPlayer_play@2x.png in Resources */,
				B2FC66DB1D5C26910032703D /* JFRegisterViewController.xib in Resources */,
				B2190B0B1D4F85C4007FC0E9 /* LaunchScreen.storyboard in Resources */,
				B28D94091D534AA700128D20 /* JFPlayer_slider_thumb@2x.png in Resources */,
				B28D94001D534AA700128D20 /* JFPlayer_pause@3x.png in Resources */,
				B213E3F11D54D40A00589058 /* JFHomeSectionHeaderView.xib in Resources */,
				B2190B081D4F85C4007FC0E9 /* Assets.xcassets in Resources */,
				B213E3EF1D54D40A00589058 /* JFHomeCellItem.xib in Resources */,
				B28D94081D534AA700128D20 /* JFPlayer_seek_to_image@3x.png in Resources */,
				B28D940A1D534AA700128D20 /* JFPlayer_slider_thumb@3x.png in Resources */,
				B28D93FE1D534AA700128D20 /* JFPlayer_mask_image@3x.png in Resources */,
				B2FC66D91D5C268B0032703D /* JFLoginViewController.xib in Resources */,
				B28D94071D534AA700128D20 /* JFPlayer_seek_to_image@2x.png in Resources */,
				B28D93F91D534AA700128D20 /* JFPlayer_back@2x.png in Resources */,
				B28D94031D534AA700128D20 /* JFPlayer_portialscreen@2x.png in Resources */,
				B28D94051D534AA700128D20 /* JFPlayer_replay@2x.png in Resources */,
				B2FC66D01D5C15DF0032703D /* JFProfileHeaderView.xib in Resources */,
				B28D94041D534AA700128D20 /* JFPlayer_portialscreen@3x.png in Resources */,
				B2224BF91D55A4FD005CEAE4 /* JFDetailVideoCell.xib in Resources */,
				B28D93FA1D534AA700128D20 /* JFPlayer_back@3x.png in Resources */,
				B28D93FC1D534AA700128D20 /* JFPlayer_fullscreen@3x.png in Resources */,
			);
			runOnlyForDeploymentPostprocessing = 0;
		};
/* End PBXResourcesBuildPhase section */

/* Begin PBXShellScriptBuildPhase section */
		700AAC27961B5EE7BDCC6804 /* [CP] Copy Pods Resources */ = {
			isa = PBXShellScriptBuildPhase;
			buildActionMask = 2147483647;
			files = (
			);
			inputPaths = (
			);
			name = "[CP] Copy Pods Resources";
			outputPaths = (
			);
			runOnlyForDeploymentPostprocessing = 0;
			shellPath = /bin/sh;
			shellScript = "\"${SRCROOT}/Pods/Target Support Files/Pods-EnglishCommunity-swift/Pods-EnglishCommunity-swift-resources.sh\"\n";
			showEnvVarsInLog = 0;
		};
		E3461EE27C0DC274E6593744 /* [CP] Check Pods Manifest.lock */ = {
			isa = PBXShellScriptBuildPhase;
			buildActionMask = 2147483647;
			files = (
			);
			inputPaths = (
			);
			name = "[CP] Check Pods Manifest.lock";
			outputPaths = (
			);
			runOnlyForDeploymentPostprocessing = 0;
			shellPath = /bin/sh;
			shellScript = "diff \"${PODS_ROOT}/../Podfile.lock\" \"${PODS_ROOT}/Manifest.lock\" > /dev/null\nif [[ $? != 0 ]] ; then\n    cat << EOM\nerror: The sandbox is not in sync with the Podfile.lock. Run 'pod install' or update your CocoaPods installation.\nEOM\n    exit 1\nfi\n";
			showEnvVarsInLog = 0;
		};
		E90F44C248F220C2B619B9A9 /* [CP] Embed Pods Frameworks */ = {
			isa = PBXShellScriptBuildPhase;
			buildActionMask = 2147483647;
			files = (
			);
			inputPaths = (
			);
			name = "[CP] Embed Pods Frameworks";
			outputPaths = (
			);
			runOnlyForDeploymentPostprocessing = 0;
			shellPath = /bin/sh;
			shellScript = "\"${SRCROOT}/Pods/Target Support Files/Pods-EnglishCommunity-swift/Pods-EnglishCommunity-swift-frameworks.sh\"\n";
			showEnvVarsInLog = 0;
		};
/* End PBXShellScriptBuildPhase section */

/* Begin PBXSourcesBuildPhase section */
		B2190AF91D4F85C4007FC0E9 /* Sources */ = {
			isa = PBXSourcesBuildPhase;
			buildActionMask = 2147483647;
			files = (
				B2FC66BD1D5C15DF0032703D /* JFDutyViewController.swift in Sources */,
				B249AE351D607D41005C0A41 /* JFCommentCell.swift in Sources */,
				B2512A731D54426B00476D0E /* JFVideo.swift in Sources */,
				B21501D21D536697005E4670 /* UIViewExtension.swift in Sources */,
				B214650A1D5B4EC200C5EDFD /* JFTestViewController.swift in Sources */,
				B21501DC1D5366CB005E4670 /* JFTabBar.swift in Sources */,
				B2FC66CE1D5C15DF0032703D /* JFProfileCell.swift in Sources */,
				B249AE221D60280F005C0A41 /* JFPublishViewController.swift in Sources */,
				B2B770FE1D61689E0042AA5E /* JFPhotoBrowserViewController.swift in Sources */,
				B21501D11D536697005E4670 /* UIBarButtionItem.swift in Sources */,
				B2FC66D11D5C15DF0032703D /* JFProfileTopButton.swift in Sources */,
				B2512A6D1D54396700476D0E /* JFVideoInfo.swift in Sources */,
				B2FC66BB1D5C15DF0032703D /* JFAboutMeViewController.swift in Sources */,
				B2FC66BA1D5C15DF0032703D /* JFModifySafeTableViewController.swift in Sources */,
				B2FC66BE1D5C15DF0032703D /* JFProfileFeedbackViewController.swift in Sources */,
				B2FC66CB1D5C15DF0032703D /* JFProfileCellSwitchModel.swift in Sources */,
				B2B770FC1D61689E0042AA5E /* JFPhotoBrowserCell.swift in Sources */,
				B249AE341D607D41005C0A41 /* JFTweets.swift in Sources */,
				B238B4161D5DBD4A00E4307A /* JFGrammarDetailViewController.swift in Sources */,
				B21436391D551BE300F201AF /* JFTopBarView.swift in Sources */,
				B2512A6B1D54394000476D0E /* JFVideoCategory.swift in Sources */,
				B2224BF11D5592BE005CEAE4 /* JFDetailHeaderView.swift in Sources */,
				B21501DA1D5366C2005E4670 /* JFTabBarController.swift in Sources */,
				B2FC66CC1D5C15DF0032703D /* JFInfoHeaderView.swift in Sources */,
				B2FC66C31D5C15DF0032703D /* JFRegisterViewController.swift in Sources */,
				B2B770FB1D61689E0042AA5E /* JFImageView.swift in Sources */,
				B28D940C1D534AA700128D20 /* JFPlayerClearityChooseButton.swift in Sources */,
				B2FC66D31D5C167E0032703D /* JFAccountModel.swift in Sources */,
				B238B40E1D5D991400E4307A /* JFGrammarViewController.swift in Sources */,
				B2224BF81D55A4FD005CEAE4 /* JFDetailVideoCell.swift in Sources */,
				B2FC66B61D5C15DF0032703D /* JFForgotViewController.swift in Sources */,
				B238B4141D5DBBBB00E4307A /* JFGrammarListCell.swift in Sources */,
				B21501D91D5366C2005E4670 /* JFNavigationController.swift in Sources */,
				B2B770FA1D61689E0042AA5E /* JFPhotoBrowserModalAnimation.swift in Sources */,
				B213E3EE1D54D40A00589058 /* JFHomeCellItem.swift in Sources */,
				B2FC66C11D5C15DF0032703D /* JFLoginViewController.swift in Sources */,
				B213E3F01D54D40A00589058 /* JFHomeSectionHeaderView.swift in Sources */,
				B249AE371D607D41005C0A41 /* JFTweetsDetailHeaderView.swift in Sources */,
				B2FC66C71D5C15DF0032703D /* JFProfileCellArrowModel.swift in Sources */,
				B21501D51D5366A4005E4670 /* JFNetworkTools.swift in Sources */,
				B2FC66C91D5C15DF0032703D /* JFProfileCellLabelModel.swift in Sources */,
				B213E3ED1D54D40A00589058 /* JFHomeCell.swift in Sources */,
				B2FC66D61D5C16EA0032703D /* StringExtension.swift in Sources */,
				B285F5081D5AFB69004F23A6 /* JFFPSLabel.swift in Sources */,
				B2FC66D71D5C16EA0032703D /* UIImageExtension.swift in Sources */,
				B28D940E1D534AA700128D20 /* JFPlayerItem.swift in Sources */,
				B249AE311D607D41005C0A41 /* JFTweetsDetailViewController.swift in Sources */,
				B249AE3E1D60AC79005C0A41 /* JFTweetsPictureView.swift in Sources */,
				B28D940F1D534AA700128D20 /* JFPlayerManager.swift in Sources */,
				B249AE321D607D41005C0A41 /* JFTweetsViewController.swift in Sources */,
				B21501BC1D53616A005E4670 /* AppDelegate.swift in Sources */,
				B21501D61D5366A4005E4670 /* JFProgressHUD.swift in Sources */,
				B2FC66C61D5C15DF0032703D /* JFUserCommentModel.swift in Sources */,
				B2FC66C01D5C15DF0032703D /* JFProfileViewController.swift in Sources */,
				B2B770F91D61689E0042AA5E /* JFPhotoBrowserDismissAnimation.swift in Sources */,
				B2512A6F1D5439C800476D0E /* Api.swift in Sources */,
				B2FC66B81D5C15DF0032703D /* JFEditProfileViewController.swift in Sources */,
				B2B770FD1D61689E0042AA5E /* JFPhotoBrowserModel.swift in Sources */,
				B2FC66CA1D5C15DF0032703D /* JFProfileCellModel.swift in Sources */,
				B213E3F31D54D45B00589058 /* JFPlayerViewController.swift in Sources */,
				B2FC66CF1D5C15DF0032703D /* JFProfileHeaderView.swift in Sources */,
				B2FC66B91D5C15DF0032703D /* JFModifyInfoTableViewController.swift in Sources */,
				B2FC66E11D5C67510032703D /* NSDateExtension.swift in Sources */,
				B21501CE1D53668B005E4670 /* Config.swift in Sources */,
				B2FC66B51D5C15DF0032703D /* JFCommentListTableViewController.swift in Sources */,
				B238B4121D5D9B2700E4307A /* JFGrammar.swift in Sources */,
				B213E3DE1D54BCF100589058 /* JFCategoryViewController.swift in Sources */,
				B2FC66BC1D5C15DF0032703D /* JFBaseTableViewController.swift in Sources */,
				B249AE391D607D41005C0A41 /* JFTweetsListCell.swift in Sources */,
				B213E3EB1D54D40A00589058 /* JFCategoriesCellItem.swift in Sources */,
				B2FC66B41D5C15DF0032703D /* JFCollectionTableViewController.swift in Sources */,
				B2FC66C81D5C15DF0032703D /* JFProfileCellGroupModel.swift in Sources */,
				B249AE331D607D41005C0A41 /* JFComment.swift in Sources */,
				B213E3EA1D54D40A00589058 /* JFCategoriesCell.swift in Sources */,
				B21501DE1D536800005E4670 /* JFHomeViewController.swift in Sources */,
				B2224BF51D55A20C005CEAE4 /* JFDetailHeaderButton.swift in Sources */,
				B28D940D1D534AA700128D20 /* JFPlayerControlView.swift in Sources */,
				B28D940B1D534AA700128D20 /* JFPlayer.swift in Sources */,
				B2FC66C51D5C15DF0032703D /* JFCollectionModel.swift in Sources */,
			);
			runOnlyForDeploymentPostprocessing = 0;
		};
/* End PBXSourcesBuildPhase section */

/* Begin PBXVariantGroup section */
		B2190B091D4F85C4007FC0E9 /* LaunchScreen.storyboard */ = {
			isa = PBXVariantGroup;
			children = (
				B2190B0A1D4F85C4007FC0E9 /* Base */,
			);
			name = LaunchScreen.storyboard;
			sourceTree = "<group>";
		};
/* End PBXVariantGroup section */

/* Begin XCBuildConfiguration section */
		B2190B0D1D4F85C4007FC0E9 /* Debug */ = {
			isa = XCBuildConfiguration;
			buildSettings = {
				ALWAYS_SEARCH_USER_PATHS = NO;
				CLANG_ANALYZER_NONNULL = YES;
				CLANG_CXX_LANGUAGE_STANDARD = "gnu++0x";
				CLANG_CXX_LIBRARY = "libc++";
				CLANG_ENABLE_MODULES = YES;
				CLANG_ENABLE_OBJC_ARC = YES;
				CLANG_WARN_BOOL_CONVERSION = YES;
				CLANG_WARN_CONSTANT_CONVERSION = YES;
				CLANG_WARN_DIRECT_OBJC_ISA_USAGE = YES_ERROR;
				CLANG_WARN_EMPTY_BODY = YES;
				CLANG_WARN_ENUM_CONVERSION = YES;
				CLANG_WARN_INT_CONVERSION = YES;
				CLANG_WARN_OBJC_ROOT_CLASS = YES_ERROR;
				CLANG_WARN_UNREACHABLE_CODE = YES;
				CLANG_WARN__DUPLICATE_METHOD_MATCH = YES;
				"CODE_SIGN_IDENTITY[sdk=iphoneos*]" = "iPhone Developer";
				COPY_PHASE_STRIP = NO;
				DEBUG_INFORMATION_FORMAT = dwarf;
				ENABLE_STRICT_OBJC_MSGSEND = YES;
				ENABLE_TESTABILITY = YES;
				GCC_C_LANGUAGE_STANDARD = gnu99;
				GCC_DYNAMIC_NO_PIC = NO;
				GCC_NO_COMMON_BLOCKS = YES;
				GCC_OPTIMIZATION_LEVEL = 0;
				GCC_PREPROCESSOR_DEFINITIONS = (
					"DEBUG=1",
					"$(inherited)",
				);
				GCC_WARN_64_TO_32_BIT_CONVERSION = YES;
				GCC_WARN_ABOUT_RETURN_TYPE = YES_ERROR;
				GCC_WARN_UNDECLARED_SELECTOR = YES;
				GCC_WARN_UNINITIALIZED_AUTOS = YES_AGGRESSIVE;
				GCC_WARN_UNUSED_FUNCTION = YES;
				GCC_WARN_UNUSED_VARIABLE = YES;
				IPHONEOS_DEPLOYMENT_TARGET = 9.3;
				MTL_ENABLE_DEBUG_INFO = YES;
				ONLY_ACTIVE_ARCH = YES;
				SDKROOT = iphoneos;
				SWIFT_OPTIMIZATION_LEVEL = "-Onone";
				TARGETED_DEVICE_FAMILY = "1,2";
			};
			name = Debug;
		};
		B2190B0E1D4F85C4007FC0E9 /* Release */ = {
			isa = XCBuildConfiguration;
			buildSettings = {
				ALWAYS_SEARCH_USER_PATHS = NO;
				CLANG_ANALYZER_NONNULL = YES;
				CLANG_CXX_LANGUAGE_STANDARD = "gnu++0x";
				CLANG_CXX_LIBRARY = "libc++";
				CLANG_ENABLE_MODULES = YES;
				CLANG_ENABLE_OBJC_ARC = YES;
				CLANG_WARN_BOOL_CONVERSION = YES;
				CLANG_WARN_CONSTANT_CONVERSION = YES;
				CLANG_WARN_DIRECT_OBJC_ISA_USAGE = YES_ERROR;
				CLANG_WARN_EMPTY_BODY = YES;
				CLANG_WARN_ENUM_CONVERSION = YES;
				CLANG_WARN_INT_CONVERSION = YES;
				CLANG_WARN_OBJC_ROOT_CLASS = YES_ERROR;
				CLANG_WARN_UNREACHABLE_CODE = YES;
				CLANG_WARN__DUPLICATE_METHOD_MATCH = YES;
				"CODE_SIGN_IDENTITY[sdk=iphoneos*]" = "iPhone Developer";
				COPY_PHASE_STRIP = NO;
				DEBUG_INFORMATION_FORMAT = "dwarf-with-dsym";
				ENABLE_NS_ASSERTIONS = NO;
				ENABLE_STRICT_OBJC_MSGSEND = YES;
				GCC_C_LANGUAGE_STANDARD = gnu99;
				GCC_NO_COMMON_BLOCKS = YES;
				GCC_WARN_64_TO_32_BIT_CONVERSION = YES;
				GCC_WARN_ABOUT_RETURN_TYPE = YES_ERROR;
				GCC_WARN_UNDECLARED_SELECTOR = YES;
				GCC_WARN_UNINITIALIZED_AUTOS = YES_AGGRESSIVE;
				GCC_WARN_UNUSED_FUNCTION = YES;
				GCC_WARN_UNUSED_VARIABLE = YES;
				IPHONEOS_DEPLOYMENT_TARGET = 9.3;
				MTL_ENABLE_DEBUG_INFO = NO;
				SDKROOT = iphoneos;
				TARGETED_DEVICE_FAMILY = "1,2";
				VALIDATE_PRODUCT = YES;
			};
			name = Release;
		};
		B2190B101D4F85C4007FC0E9 /* Debug */ = {
			isa = XCBuildConfiguration;
			baseConfigurationReference = 99A939157BA8A50076C427E7 /* Pods-EnglishCommunity-swift.debug.xcconfig */;
			buildSettings = {
				ASSETCATALOG_COMPILER_APPICON_NAME = AppIcon;
				FRAMEWORK_SEARCH_PATHS = (
					"$(inherited)",
					"$(PROJECT_DIR)/EnglishCommunity-swift",
					"$(PROJECT_DIR)/EnglishCommunity-swift/Classes/Vendor/JFPlayer",
				);
				INFOPLIST_FILE = "EnglishCommunity-swift/Info.plist";
				IPHONEOS_DEPLOYMENT_TARGET = 8.0;
				LD_RUNPATH_SEARCH_PATHS = "$(inherited) @executable_path/Frameworks";
				PRODUCT_BUNDLE_IDENTIFIER = "cn.6ag.EnglishCommunity-swift";
				PRODUCT_NAME = "$(TARGET_NAME)";
			};
			name = Debug;
		};
		B2190B111D4F85C4007FC0E9 /* Release */ = {
			isa = XCBuildConfiguration;
			baseConfigurationReference = 516DACE58489A1F72B519807 /* Pods-EnglishCommunity-swift.release.xcconfig */;
			buildSettings = {
				ASSETCATALOG_COMPILER_APPICON_NAME = AppIcon;
				FRAMEWORK_SEARCH_PATHS = (
					"$(inherited)",
					"$(PROJECT_DIR)/EnglishCommunity-swift",
					"$(PROJECT_DIR)/EnglishCommunity-swift/Classes/Vendor/JFPlayer",
				);
				INFOPLIST_FILE = "EnglishCommunity-swift/Info.plist";
				IPHONEOS_DEPLOYMENT_TARGET = 8.0;
				LD_RUNPATH_SEARCH_PATHS = "$(inherited) @executable_path/Frameworks";
				PRODUCT_BUNDLE_IDENTIFIER = "cn.6ag.EnglishCommunity-swift";
				PRODUCT_NAME = "$(TARGET_NAME)";
			};
			name = Release;
		};
/* End XCBuildConfiguration section */

/* Begin XCConfigurationList section */
		B2190AF81D4F85C4007FC0E9 /* Build configuration list for PBXProject "EnglishCommunity-swift" */ = {
			isa = XCConfigurationList;
			buildConfigurations = (
				B2190B0D1D4F85C4007FC0E9 /* Debug */,
				B2190B0E1D4F85C4007FC0E9 /* Release */,
			);
			defaultConfigurationIsVisible = 0;
			defaultConfigurationName = Release;
		};
		B2190B0F1D4F85C4007FC0E9 /* Build configuration list for PBXNativeTarget "EnglishCommunity-swift" */ = {
			isa = XCConfigurationList;
			buildConfigurations = (
				B2190B101D4F85C4007FC0E9 /* Debug */,
				B2190B111D4F85C4007FC0E9 /* Release */,
			);
			defaultConfigurationIsVisible = 0;
			defaultConfigurationName = Release;
		};
/* End XCConfigurationList section */
	};
	rootObject = B2190AF51D4F85C4007FC0E9 /* Project object */;
}
